// !$*UTF8*$!
{
	archiveVersion = 1;
	classes = {
	};
	objectVersion = 48;
	objects = {

/* Begin PBXBuildFile section */
		0515C8C31F2A7807003B8594 /* File.cpp in Sources */ = {isa = PBXBuildFile; fileRef = 0515C8C11F2A7807003B8594 /* File.cpp */; };
		051F4D3B1F5DDCFE00E6E12C /* BinaryStream.cpp in Sources */ = {isa = PBXBuildFile; fileRef = 051F4D3A1F5DDCFE00E6E12C /* BinaryStream.cpp */; };
		051F4D431F5E01C200E6E12C /* FTYP.cpp in Sources */ = {isa = PBXBuildFile; fileRef = 051F4D421F5E01C200E6E12C /* FTYP.cpp */; };
		051F4D491F5E0AD500E6E12C /* MVHD.cpp in Sources */ = {isa = PBXBuildFile; fileRef = 051F4D481F5E0AD500E6E12C /* MVHD.cpp */; };
		051F4D4C1F5E0DD800E6E12C /* Matrix.cpp in Sources */ = {isa = PBXBuildFile; fileRef = 051F4D4B1F5E0DD800E6E12C /* Matrix.cpp */; };
		0531FB0A1F5FF45700BCD30D /* HVCC.cpp in Sources */ = {isa = PBXBuildFile; fileRef = 0531FB091F5FF45700BCD30D /* HVCC.cpp */; };
		054480521F6007E1008CCDBA /* HVCC-Array.cpp in Sources */ = {isa = PBXBuildFile; fileRef = 054480501F6006B1008CCDBA /* HVCC-Array.cpp */; };
		054480781F60174A008CCDBA /* HVCC-Array-NALUnit.cpp in Sources */ = {isa = PBXBuildFile; fileRef = 054480771F601749008CCDBA /* HVCC-Array-NALUnit.cpp */; };
		0544CCCD2277275E004A2499 /* XSTest.framework in Frameworks */ = {isa = PBXBuildFile; fileRef = 0544CCCA2277274F004A2499 /* XSTest.framework */; };
		055D9AF81F666B880056DE16 /* PIXI.cpp in Sources */ = {isa = PBXBuildFile; fileRef = 055D9AF61F666B880056DE16 /* PIXI.cpp */; };
		055D9AF91F666B880056DE16 /* PIXI-Channel.cpp in Sources */ = {isa = PBXBuildFile; fileRef = 055D9AF71F666B880056DE16 /* PIXI-Channel.cpp */; };
		055D9AFD1F66700A0056DE16 /* IPCO.cpp in Sources */ = {isa = PBXBuildFile; fileRef = 055D9AFC1F66700A0056DE16 /* IPCO.cpp */; };
		057224472011213C00DC0502 /* libc++.tbd in Frameworks */ = {isa = PBXBuildFile; fileRef = 057224462011213C00DC0502 /* libc++.tbd */; };
		057280761F5ED7CE00F02C27 /* PITM.cpp in Sources */ = {isa = PBXBuildFile; fileRef = 057280751F5ED7CE00F02C27 /* PITM.cpp */; };
		0572807A1F5ED9FF00F02C27 /* IINF.cpp in Sources */ = {isa = PBXBuildFile; fileRef = 057280791F5ED9FE00F02C27 /* IINF.cpp */; };
		057280881F5EDBCF00F02C27 /* ILOC.cpp in Sources */ = {isa = PBXBuildFile; fileRef = 057280841F5EDBCE00F02C27 /* ILOC.cpp */; };
		057280891F5EDBCF00F02C27 /* IREF.cpp in Sources */ = {isa = PBXBuildFile; fileRef = 057280851F5EDBCF00F02C27 /* IREF.cpp */; };
		0572808A1F5EDBCF00F02C27 /* DREF.cpp in Sources */ = {isa = PBXBuildFile; fileRef = 057280861F5EDBCF00F02C27 /* DREF.cpp */; };
		057280A01F5EE19400F02C27 /* INFE.cpp in Sources */ = {isa = PBXBuildFile; fileRef = 0572809F1F5EE19400F02C27 /* INFE.cpp */; };
		057280A21F5EFC9600F02C27 /* ILOC-Item.cpp in Sources */ = {isa = PBXBuildFile; fileRef = 057280A11F5EFC9600F02C27 /* ILOC-Item.cpp */; };
		057280A41F5F038A00F02C27 /* ILOC-Item-Extent.cpp in Sources */ = {isa = PBXBuildFile; fileRef = 057280A31F5F038A00F02C27 /* ILOC-Item-Extent.cpp */; };
		057280A91F5F240700F02C27 /* Container.cpp in Sources */ = {isa = PBXBuildFile; fileRef = 057280A81F5F240700F02C27 /* Container.cpp */; };
		057280AD1F5F44A100F02C27 /* IROT.cpp in Sources */ = {isa = PBXBuildFile; fileRef = 057280AC1F5F44A000F02C27 /* IROT.cpp */; };
		057759001F67BFA300987694 /* ISOBMFF.hpp in Headers */ = {isa = PBXBuildFile; fileRef = 057758FF1F67BFA300987694 /* ISOBMFF.hpp */; };
		05812A4C1FA0BCB1003B88DF /* FRMA.cpp in Sources */ = {isa = PBXBuildFile; fileRef = 05812A4B1FA0BCB1003B88DF /* FRMA.cpp */; };
		05812A4F1FA0BEA7003B88DF /* SCHM.cpp in Sources */ = {isa = PBXBuildFile; fileRef = 05812A4E1FA0BEA6003B88DF /* SCHM.cpp */; };
		0594C5D91F71541100456FF5 /* STSD.cpp in Sources */ = {isa = PBXBuildFile; fileRef = 0594C5D51F71541000456FF5 /* STSD.cpp */; };
		0596059C1F5DC4CE0005F8C9 /* ContainerBox.cpp in Sources */ = {isa = PBXBuildFile; fileRef = 0596059B1F5DC4CE0005F8C9 /* ContainerBox.cpp */; };
		0596059E1F5DC4D50005F8C9 /* FullBox.cpp in Sources */ = {isa = PBXBuildFile; fileRef = 0596059D1F5DC4D50005F8C9 /* FullBox.cpp */; };
		059DBAD21F5EBC1000B7A940 /* HDLR.cpp in Sources */ = {isa = PBXBuildFile; fileRef = 059DBACE1F5EBC1000B7A940 /* HDLR.cpp */; };
		05A50AB51F604C3000EE8C08 /* ImageGrid.cpp in Sources */ = {isa = PBXBuildFile; fileRef = 05A50AB41F604C2F00EE8C08 /* ImageGrid.cpp */; };
		05A5A76C1F5EAFAE00D16AD9 /* META.cpp in Sources */ = {isa = PBXBuildFile; fileRef = 05A5A76B1F5EAFAE00D16AD9 /* META.cpp */; };
		05B8BB8B1FA4BFB200C67878 /* WIN32.hpp in Headers */ = {isa = PBXBuildFile; fileRef = 05B8BB871FA4BFB100C67878 /* WIN32.hpp */; };
		05B8BB8D1FA4BFC300C67878 /* WIN32.cpp in Sources */ = {isa = PBXBuildFile; fileRef = 05B8BB8C1FA4BFC300C67878 /* WIN32.cpp */; };
		05BFECD81F62EE2700A6909E /* SingleItemTypeReferenceBox.cpp in Sources */ = {isa = PBXBuildFile; fileRef = 05BFECD41F62EE2700A6909E /* SingleItemTypeReferenceBox.cpp */; };
		05BFECE51F62F04D00A6909E /* CDSC.cpp in Sources */ = {isa = PBXBuildFile; fileRef = 05BFECE21F62F04D00A6909E /* CDSC.cpp */; };
		05BFECE61F62F04D00A6909E /* DIMG.cpp in Sources */ = {isa = PBXBuildFile; fileRef = 05BFECE31F62F04D00A6909E /* DIMG.cpp */; };
		05BFECE71F62F04D00A6909E /* THMB.cpp in Sources */ = {isa = PBXBuildFile; fileRef = 05BFECE41F62F04D00A6909E /* THMB.cpp */; };
		05BFED011F62F7F300A6909E /* URL.cpp in Sources */ = {isa = PBXBuildFile; fileRef = 05BFED001F62F7F200A6909E /* URL.cpp */; };
		05BFED041F62F88700A6909E /* URN.cpp in Sources */ = {isa = PBXBuildFile; fileRef = 05BFED031F62F88700A6909E /* URN.cpp */; };
		05BFED061F63192000A6909E /* COLR.cpp in Sources */ = {isa = PBXBuildFile; fileRef = 05BFED051F63191F00A6909E /* COLR.cpp */; };
		05BFED0B1F637E8500A6909E /* ISPE.cpp in Sources */ = {isa = PBXBuildFile; fileRef = 05BFED0A1F637E8500A6909E /* ISPE.cpp */; };
		05BFED0D1F63870300A6909E /* IPMA.cpp in Sources */ = {isa = PBXBuildFile; fileRef = 05BFED0C1F63870300A6909E /* IPMA.cpp */; };
		05BFED111F63894100A6909E /* IPMA-Entry.cpp in Sources */ = {isa = PBXBuildFile; fileRef = 05BFED101F63894100A6909E /* IPMA-Entry.cpp */; };
		05BFED131F638E4B00A6909E /* IPMA-Entry-Association.cpp in Sources */ = {isa = PBXBuildFile; fileRef = 05BFED121F638E4A00A6909E /* IPMA-Entry-Association.cpp */; };
		05BFED1A1F63952E00A6909E /* libISOBMFF_macOS.a in Frameworks */ = {isa = PBXBuildFile; fileRef = 0515C8AF1F2A71A8003B8594 /* libISOBMFF_macOS.a */; };
		05BFED1C1F63952E00A6909E /* IMG1.HEIC in CopyFiles */ = {isa = PBXBuildFile; fileRef = 057280C41F5F5B4E00F02C27 /* IMG1.HEIC */; };
		05BFED1D1F63952E00A6909E /* IMG2.HEIC in CopyFiles */ = {isa = PBXBuildFile; fileRef = 057280C61F5F5B4E00F02C27 /* IMG2.HEIC */; };
		05BFED1E1F63952E00A6909E /* MOV1.MOV in CopyFiles */ = {isa = PBXBuildFile; fileRef = 057280C51F5F5B4E00F02C27 /* MOV1.MOV */; };
		05BFED251F6397D400A6909E /* main.cpp in Sources */ = {isa = PBXBuildFile; fileRef = 05BFED241F63956C00A6909E /* main.cpp */; };
		05DA96061F2A7D5B005F46DB /* libISOBMFF_macOS.a in Frameworks */ = {isa = PBXBuildFile; fileRef = 0515C8AF1F2A71A8003B8594 /* libISOBMFF_macOS.a */; };
		05DA96121F2A7DC3005F46DB /* GoogleMock.framework in Frameworks */ = {isa = PBXBuildFile; fileRef = 05A4111A1F2A7D2E002B1A79 /* GoogleMock.framework */; };
		05DA96141F2A7DD4005F46DB /* Parser.cpp in Sources */ = {isa = PBXBuildFile; fileRef = 05DA96131F2A7DD4005F46DB /* Parser.cpp */; };
		05EAD3901F65B346003CCB9B /* Utils.cpp in Sources */ = {isa = PBXBuildFile; fileRef = 05EAD38F1F65B345003CCB9B /* Utils.cpp */; };
		05EAD3941F65CD84003CCB9B /* DisplayableObject.cpp in Sources */ = {isa = PBXBuildFile; fileRef = 05EAD3931F65CD83003CCB9B /* DisplayableObject.cpp */; };
		05EAD3981F65E215003CCB9B /* DisplayableObjectContainer.cpp in Sources */ = {isa = PBXBuildFile; fileRef = 05EAD3971F65E215003CCB9B /* DisplayableObjectContainer.cpp */; };
		05EAD3AD1F65FEFE003CCB9B /* TKHD.cpp in Sources */ = {isa = PBXBuildFile; fileRef = 05EAD3AC1F65FEFE003CCB9B /* TKHD.cpp */; };
		05F471E81F2B5CEF00738744 /* Parser.cpp in Sources */ = {isa = PBXBuildFile; fileRef = 05F471E51F2B5CEE00738744 /* Parser.cpp */; };
		05F471EA1F2B5CEF00738744 /* Box.cpp in Sources */ = {isa = PBXBuildFile; fileRef = 05F471E71F2B5CEF00738744 /* Box.cpp */; };
		BBDF508E2125780900491DE4 /* ISOBMFF.h in Headers */ = {isa = PBXBuildFile; fileRef = BBDF508C2125780800491DE4 /* ISOBMFF.h */; settings = {ATTRIBUTES = (Public, ); }; };
		BBDF50952125785600491DE4 /* BinaryStream.cpp in Sources */ = {isa = PBXBuildFile; fileRef = 051F4D3A1F5DDCFE00E6E12C /* BinaryStream.cpp */; };
		BBDF50962125785600491DE4 /* Box.cpp in Sources */ = {isa = PBXBuildFile; fileRef = 05F471E71F2B5CEF00738744 /* Box.cpp */; };
		BBDF50972125785600491DE4 /* CDSC.cpp in Sources */ = {isa = PBXBuildFile; fileRef = 05BFECE21F62F04D00A6909E /* CDSC.cpp */; };
		BBDF50982125785600491DE4 /* COLR.cpp in Sources */ = {isa = PBXBuildFile; fileRef = 05BFED051F63191F00A6909E /* COLR.cpp */; };
		BBDF50992125785600491DE4 /* Container.cpp in Sources */ = {isa = PBXBuildFile; fileRef = 057280A81F5F240700F02C27 /* Container.cpp */; };
		BBDF509A2125785600491DE4 /* ContainerBox.cpp in Sources */ = {isa = PBXBuildFile; fileRef = 0596059B1F5DC4CE0005F8C9 /* ContainerBox.cpp */; };
		BBDF509B2125785600491DE4 /* DIMG.cpp in Sources */ = {isa = PBXBuildFile; fileRef = 05BFECE31F62F04D00A6909E /* DIMG.cpp */; };
		BBDF509C2125785600491DE4 /* DisplayableObject.cpp in Sources */ = {isa = PBXBuildFile; fileRef = 05EAD3931F65CD83003CCB9B /* DisplayableObject.cpp */; };
		BBDF509D2125785600491DE4 /* DisplayableObjectContainer.cpp in Sources */ = {isa = PBXBuildFile; fileRef = 05EAD3971F65E215003CCB9B /* DisplayableObjectContainer.cpp */; };
		BBDF509E2125785600491DE4 /* DREF.cpp in Sources */ = {isa = PBXBuildFile; fileRef = 057280861F5EDBCF00F02C27 /* DREF.cpp */; };
		BBDF509F2125785600491DE4 /* File.cpp in Sources */ = {isa = PBXBuildFile; fileRef = 0515C8C11F2A7807003B8594 /* File.cpp */; };
		BBDF50A02125785600491DE4 /* FRMA.cpp in Sources */ = {isa = PBXBuildFile; fileRef = 05812A4B1FA0BCB1003B88DF /* FRMA.cpp */; };
		BBDF50A12125785600491DE4 /* FTYP.cpp in Sources */ = {isa = PBXBuildFile; fileRef = 051F4D421F5E01C200E6E12C /* FTYP.cpp */; };
		BBDF50A22125785600491DE4 /* FullBox.cpp in Sources */ = {isa = PBXBuildFile; fileRef = 0596059D1F5DC4D50005F8C9 /* FullBox.cpp */; };
		BBDF50A32125785600491DE4 /* HDLR.cpp in Sources */ = {isa = PBXBuildFile; fileRef = 059DBACE1F5EBC1000B7A940 /* HDLR.cpp */; };
		BBDF50A42125785600491DE4 /* HVCC-Array-NALUnit.cpp in Sources */ = {isa = PBXBuildFile; fileRef = 054480771F601749008CCDBA /* HVCC-Array-NALUnit.cpp */; };
		BBDF50A52125785600491DE4 /* HVCC-Array.cpp in Sources */ = {isa = PBXBuildFile; fileRef = 054480501F6006B1008CCDBA /* HVCC-Array.cpp */; };
		BBDF50A62125785600491DE4 /* HVCC.cpp in Sources */ = {isa = PBXBuildFile; fileRef = 0531FB091F5FF45700BCD30D /* HVCC.cpp */; };
		BBDF50A72125785600491DE4 /* IINF.cpp in Sources */ = {isa = PBXBuildFile; fileRef = 057280791F5ED9FE00F02C27 /* IINF.cpp */; };
		BBDF50A82125785600491DE4 /* ILOC-Item-Extent.cpp in Sources */ = {isa = PBXBuildFile; fileRef = 057280A31F5F038A00F02C27 /* ILOC-Item-Extent.cpp */; };
		BBDF50A92125785600491DE4 /* ILOC-Item.cpp in Sources */ = {isa = PBXBuildFile; fileRef = 057280A11F5EFC9600F02C27 /* ILOC-Item.cpp */; };
		BBDF50AA2125785600491DE4 /* ILOC.cpp in Sources */ = {isa = PBXBuildFile; fileRef = 057280841F5EDBCE00F02C27 /* ILOC.cpp */; };
		BBDF50AB2125785600491DE4 /* ImageGrid.cpp in Sources */ = {isa = PBXBuildFile; fileRef = 05A50AB41F604C2F00EE8C08 /* ImageGrid.cpp */; };
		BBDF50AC2125785600491DE4 /* INFE.cpp in Sources */ = {isa = PBXBuildFile; fileRef = 0572809F1F5EE19400F02C27 /* INFE.cpp */; };
		BBDF50AD2125785600491DE4 /* IPCO.cpp in Sources */ = {isa = PBXBuildFile; fileRef = 055D9AFC1F66700A0056DE16 /* IPCO.cpp */; };
		BBDF50AE2125785600491DE4 /* IPMA-Entry-Association.cpp in Sources */ = {isa = PBXBuildFile; fileRef = 05BFED121F638E4A00A6909E /* IPMA-Entry-Association.cpp */; };
		BBDF50AF2125785600491DE4 /* IPMA-Entry.cpp in Sources */ = {isa = PBXBuildFile; fileRef = 05BFED101F63894100A6909E /* IPMA-Entry.cpp */; };
		BBDF50B02125785600491DE4 /* IPMA.cpp in Sources */ = {isa = PBXBuildFile; fileRef = 05BFED0C1F63870300A6909E /* IPMA.cpp */; };
		BBDF50B12125785600491DE4 /* IREF.cpp in Sources */ = {isa = PBXBuildFile; fileRef = 057280851F5EDBCF00F02C27 /* IREF.cpp */; };
		BBDF50B22125785600491DE4 /* IROT.cpp in Sources */ = {isa = PBXBuildFile; fileRef = 057280AC1F5F44A000F02C27 /* IROT.cpp */; };
		BBDF50B32125785600491DE4 /* ISPE.cpp in Sources */ = {isa = PBXBuildFile; fileRef = 05BFED0A1F637E8500A6909E /* ISPE.cpp */; };
		BBDF50B42125785600491DE4 /* Matrix.cpp in Sources */ = {isa = PBXBuildFile; fileRef = 051F4D4B1F5E0DD800E6E12C /* Matrix.cpp */; };
		BBDF50B52125785600491DE4 /* META.cpp in Sources */ = {isa = PBXBuildFile; fileRef = 05A5A76B1F5EAFAE00D16AD9 /* META.cpp */; };
		BBDF50B62125785600491DE4 /* MVHD.cpp in Sources */ = {isa = PBXBuildFile; fileRef = 051F4D481F5E0AD500E6E12C /* MVHD.cpp */; };
		BBDF50B72125785600491DE4 /* Parser.cpp in Sources */ = {isa = PBXBuildFile; fileRef = 05F471E51F2B5CEE00738744 /* Parser.cpp */; };
		BBDF50B82125785600491DE4 /* PITM.cpp in Sources */ = {isa = PBXBuildFile; fileRef = 057280751F5ED7CE00F02C27 /* PITM.cpp */; };
		BBDF50B92125785600491DE4 /* PIXI-Channel.cpp in Sources */ = {isa = PBXBuildFile; fileRef = 055D9AF71F666B880056DE16 /* PIXI-Channel.cpp */; };
		BBDF50BA2125785600491DE4 /* PIXI.cpp in Sources */ = {isa = PBXBuildFile; fileRef = 055D9AF61F666B880056DE16 /* PIXI.cpp */; };
		BBDF50BB2125785600491DE4 /* SCHM.cpp in Sources */ = {isa = PBXBuildFile; fileRef = 05812A4E1FA0BEA6003B88DF /* SCHM.cpp */; };
		BBDF50BC2125785600491DE4 /* SingleItemTypeReferenceBox.cpp in Sources */ = {isa = PBXBuildFile; fileRef = 05BFECD41F62EE2700A6909E /* SingleItemTypeReferenceBox.cpp */; };
		BBDF50BD2125785600491DE4 /* STSD.cpp in Sources */ = {isa = PBXBuildFile; fileRef = 0594C5D51F71541000456FF5 /* STSD.cpp */; };
		BBDF50BE2125785600491DE4 /* THMB.cpp in Sources */ = {isa = PBXBuildFile; fileRef = 05BFECE41F62F04D00A6909E /* THMB.cpp */; };
		BBDF50BF2125785600491DE4 /* TKHD.cpp in Sources */ = {isa = PBXBuildFile; fileRef = 05EAD3AC1F65FEFE003CCB9B /* TKHD.cpp */; };
		BBDF50C02125785600491DE4 /* URL.cpp in Sources */ = {isa = PBXBuildFile; fileRef = 05BFED001F62F7F200A6909E /* URL.cpp */; };
		BBDF50C12125785600491DE4 /* URN.cpp in Sources */ = {isa = PBXBuildFile; fileRef = 05BFED031F62F88700A6909E /* URN.cpp */; };
		BBDF50C22125785600491DE4 /* Utils.cpp in Sources */ = {isa = PBXBuildFile; fileRef = 05EAD38F1F65B345003CCB9B /* Utils.cpp */; };
		BBDF50C32125785700491DE4 /* WIN32.cpp in Sources */ = {isa = PBXBuildFile; fileRef = 05B8BB8C1FA4BFC300C67878 /* WIN32.cpp */; };
		BBDF50D921257B4F00491DE4 /* ISOBMFF.hpp in Headers */ = {isa = PBXBuildFile; fileRef = 057758FF1F67BFA300987694 /* ISOBMFF.hpp */; settings = {ATTRIBUTES = (Public, ); }; };
		BBDF50DA21257B4F00491DE4 /* BinaryStream.hpp in Headers */ = {isa = PBXBuildFile; fileRef = 051F4D381F5DDCF800E6E12C /* BinaryStream.hpp */; settings = {ATTRIBUTES = (Public, ); }; };
		BBDF50DB21257B4F00491DE4 /* Box.hpp in Headers */ = {isa = PBXBuildFile; fileRef = 05F471DD1F2B5CE500738744 /* Box.hpp */; settings = {ATTRIBUTES = (Public, ); }; };
		BBDF50DC21257B4F00491DE4 /* CDSC.hpp in Headers */ = {isa = PBXBuildFile; fileRef = 05BFECDD1F62EFDB00A6909E /* CDSC.hpp */; settings = {ATTRIBUTES = (Public, ); }; };
		BBDF50DD21257B4F00491DE4 /* COLR.hpp in Headers */ = {isa = PBXBuildFile; fileRef = 05BFED071F63192A00A6909E /* COLR.hpp */; settings = {ATTRIBUTES = (Public, ); }; };
		BBDF50DE21257B4F00491DE4 /* Container.hpp in Headers */ = {isa = PBXBuildFile; fileRef = 057280A61F5F210700F02C27 /* Container.hpp */; settings = {ATTRIBUTES = (Public, ); }; };
		BBDF50DF21257B4F00491DE4 /* ContainerBox.hpp in Headers */ = {isa = PBXBuildFile; fileRef = 059605931F5DC4130005F8C9 /* ContainerBox.hpp */; settings = {ATTRIBUTES = (Public, ); }; };
		BBDF50E021257B4F00491DE4 /* DIMG.hpp in Headers */ = {isa = PBXBuildFile; fileRef = 05BFECDC1F62EFDB00A6909E /* DIMG.hpp */; settings = {ATTRIBUTES = (Public, ); }; };
		BBDF50E121257B4F00491DE4 /* DisplayableObject.hpp in Headers */ = {isa = PBXBuildFile; fileRef = 0563BFA51F64768C0064F26B /* DisplayableObject.hpp */; settings = {ATTRIBUTES = (Public, ); }; };
		BBDF50E221257B4F00491DE4 /* DisplayableObjectContainer.hpp in Headers */ = {isa = PBXBuildFile; fileRef = 05EAD3961F65DC12003CCB9B /* DisplayableObjectContainer.hpp */; settings = {ATTRIBUTES = (Public, ); }; };
		BBDF50E321257B4F00491DE4 /* DREF.hpp in Headers */ = {isa = PBXBuildFile; fileRef = 0572807D1F5EDBC700F02C27 /* DREF.hpp */; settings = {ATTRIBUTES = (Public, ); }; };
		BBDF50E421257B4F00491DE4 /* File.hpp in Headers */ = {isa = PBXBuildFile; fileRef = 0515C8C21F2A7807003B8594 /* File.hpp */; settings = {ATTRIBUTES = (Public, ); }; };
		BBDF50E521257B4F00491DE4 /* FRMA.hpp in Headers */ = {isa = PBXBuildFile; fileRef = 05812A461FA0BC9A003B88DF /* FRMA.hpp */; settings = {ATTRIBUTES = (Public, ); }; };
		BBDF50E621257B4F00491DE4 /* FTYP.hpp in Headers */ = {isa = PBXBuildFile; fileRef = 051F4D441F5E01C800E6E12C /* FTYP.hpp */; settings = {ATTRIBUTES = (Public, ); }; };
		BBDF50E721257B4F00491DE4 /* FullBox.hpp in Headers */ = {isa = PBXBuildFile; fileRef = 059605971F5DC4300005F8C9 /* FullBox.hpp */; settings = {ATTRIBUTES = (Public, ); }; };
		BBDF50E821257B4F00491DE4 /* HDLR.hpp in Headers */ = {isa = PBXBuildFile; fileRef = 059DBAD31F5EBC2000B7A940 /* HDLR.hpp */; settings = {ATTRIBUTES = (Public, ); }; };
		BBDF50E921257B4F00491DE4 /* HVCC.hpp in Headers */ = {isa = PBXBuildFile; fileRef = 0531FB021F5FF41B00BCD30D /* HVCC.hpp */; settings = {ATTRIBUTES = (Public, ); }; };
		BBDF50EA21257B4F00491DE4 /* IINF.hpp in Headers */ = {isa = PBXBuildFile; fileRef = 057280771F5ED9E500F02C27 /* IINF.hpp */; settings = {ATTRIBUTES = (Public, ); }; };
		BBDF50EB21257B4F00491DE4 /* ILOC.hpp in Headers */ = {isa = PBXBuildFile; fileRef = 0572807C1F5EDBC700F02C27 /* ILOC.hpp */; settings = {ATTRIBUTES = (Public, ); }; };
		BBDF50EC21257B4F00491DE4 /* ImageGrid.hpp in Headers */ = {isa = PBXBuildFile; fileRef = 05A50AB61F604C3800EE8C08 /* ImageGrid.hpp */; settings = {ATTRIBUTES = (Public, ); }; };
		BBDF50ED21257B4F00491DE4 /* INFE.hpp in Headers */ = {isa = PBXBuildFile; fileRef = 0572809D1F5EE18B00F02C27 /* INFE.hpp */; settings = {ATTRIBUTES = (Public, ); }; };
		BBDF50EE21257B4F00491DE4 /* IPCO.hpp in Headers */ = {isa = PBXBuildFile; fileRef = 055D9AFA1F666FFF0056DE16 /* IPCO.hpp */; settings = {ATTRIBUTES = (Public, ); }; };
		BBDF50EF21257B4F00491DE4 /* IPMA.hpp in Headers */ = {isa = PBXBuildFile; fileRef = 05BFED0E1F63870F00A6909E /* IPMA.hpp */; settings = {ATTRIBUTES = (Public, ); }; };
		BBDF50F021257B4F00491DE4 /* IREF.hpp in Headers */ = {isa = PBXBuildFile; fileRef = 0572807E1F5EDBC700F02C27 /* IREF.hpp */; settings = {ATTRIBUTES = (Public, ); }; };
		BBDF50F121257B4F00491DE4 /* IROT.hpp in Headers */ = {isa = PBXBuildFile; fileRef = 057280AA1F5F449600F02C27 /* IROT.hpp */; settings = {ATTRIBUTES = (Public, ); }; };
		BBDF50F221257B4F00491DE4 /* ISPE.hpp in Headers */ = {isa = PBXBuildFile; fileRef = 05BFED081F637E7E00A6909E /* ISPE.hpp */; settings = {ATTRIBUTES = (Public, ); }; };
		BBDF50F321257B4F00491DE4 /* Macros.hpp in Headers */ = {isa = PBXBuildFile; fileRef = 0583F5A21F6CEB7400D5D49E /* Macros.hpp */; settings = {ATTRIBUTES = (Public, ); }; };
		BBDF50F421257B4F00491DE4 /* Matrix.hpp in Headers */ = {isa = PBXBuildFile; fileRef = 051F4D4A1F5E0DCB00E6E12C /* Matrix.hpp */; settings = {ATTRIBUTES = (Public, ); }; };
		BBDF50F521257B4F00491DE4 /* META.hpp in Headers */ = {isa = PBXBuildFile; fileRef = 05A5A7651F5EAF9A00D16AD9 /* META.hpp */; settings = {ATTRIBUTES = (Public, ); }; };
		BBDF50F621257B4F00491DE4 /* MVHD.hpp in Headers */ = {isa = PBXBuildFile; fileRef = 051F4D461F5E0AC400E6E12C /* MVHD.hpp */; settings = {ATTRIBUTES = (Public, ); }; };
		BBDF50F721257B4F00491DE4 /* Parser.hpp in Headers */ = {isa = PBXBuildFile; fileRef = 05F471DC1F2B5CE500738744 /* Parser.hpp */; settings = {ATTRIBUTES = (Public, ); }; };
		BBDF50F821257B4F00491DE4 /* PITM.hpp in Headers */ = {isa = PBXBuildFile; fileRef = 057280701F5ED7C200F02C27 /* PITM.hpp */; settings = {ATTRIBUTES = (Public, ); }; };
		BBDF50F921257B4F00491DE4 /* PIXI.hpp in Headers */ = {isa = PBXBuildFile; fileRef = 055D9AF11F666B640056DE16 /* PIXI.hpp */; settings = {ATTRIBUTES = (Public, ); }; };
		BBDF50FA21257B4F00491DE4 /* SCHM.hpp in Headers */ = {isa = PBXBuildFile; fileRef = 05812A4D1FA0BE9B003B88DF /* SCHM.hpp */; settings = {ATTRIBUTES = (Public, ); }; };
		BBDF50FB21257B4F00491DE4 /* SingleItemTypeReferenceBox.hpp in Headers */ = {isa = PBXBuildFile; fileRef = 05BFECD91F62EE2F00A6909E /* SingleItemTypeReferenceBox.hpp */; settings = {ATTRIBUTES = (Public, ); }; };
		BBDF50FC21257B4F00491DE4 /* STSD.hpp in Headers */ = {isa = PBXBuildFile; fileRef = 0594C5DA1F71542100456FF5 /* STSD.hpp */; settings = {ATTRIBUTES = (Public, ); }; };
		BBDF50FD21257B4F00491DE4 /* THMB.hpp in Headers */ = {isa = PBXBuildFile; fileRef = 05BFECDB1F62EFDB00A6909E /* THMB.hpp */; settings = {ATTRIBUTES = (Public, ); }; };
		BBDF50FE21257B4F00491DE4 /* TKHD.hpp in Headers */ = {isa = PBXBuildFile; fileRef = 05EAD3AB1F65FE15003CCB9B /* TKHD.hpp */; settings = {ATTRIBUTES = (Public, ); }; };
		BBDF50FF21257B4F00491DE4 /* URL.hpp in Headers */ = {isa = PBXBuildFile; fileRef = 05BFECE81F62F7E200A6909E /* URL.hpp */; settings = {ATTRIBUTES = (Public, ); }; };
		BBDF510021257B4F00491DE4 /* URN.hpp in Headers */ = {isa = PBXBuildFile; fileRef = 05BFED021F62F88100A6909E /* URN.hpp */; settings = {ATTRIBUTES = (Public, ); }; };
		BBDF510121257B4F00491DE4 /* Utils.hpp in Headers */ = {isa = PBXBuildFile; fileRef = 05EAD38B1F65B33C003CCB9B /* Utils.hpp */; settings = {ATTRIBUTES = (Public, ); }; };
		BBDF510221257B4F00491DE4 /* WIN32.hpp in Headers */ = {isa = PBXBuildFile; fileRef = 05B8BB871FA4BFB100C67878 /* WIN32.hpp */; settings = {ATTRIBUTES = (Public, ); }; };
		BBDF51292125821D00491DE4 /* Object-IMPL.hpp in Headers */ = {isa = PBXBuildFile; fileRef = BBDF51272125821D00491DE4 /* Object-IMPL.hpp */; };
		BBDF512A2125821D00491DE4 /* Object-IMPL.hpp in Headers */ = {isa = PBXBuildFile; fileRef = BBDF51272125821D00491DE4 /* Object-IMPL.hpp */; settings = {ATTRIBUTES = (Public, ); }; };
		BBDF512B2125821D00491DE4 /* Object.hpp in Headers */ = {isa = PBXBuildFile; fileRef = BBDF51282125821D00491DE4 /* Object.hpp */; };
		BBDF512C2125821D00491DE4 /* Object.hpp in Headers */ = {isa = PBXBuildFile; fileRef = BBDF51282125821D00491DE4 /* Object.hpp */; settings = {ATTRIBUTES = (Public, ); }; };
/* End PBXBuildFile section */

/* Begin PBXContainerItemProxy section */
		0544CCC92277274F004A2499 /* PBXContainerItemProxy */ = {
			isa = PBXContainerItemProxy;
			containerPortal = 0544CCC52277274E004A2499 /* XSTest.xcodeproj */;
			proxyType = 2;
			remoteGlobalIDString = 05D526E721A864BC0025CCEB;
			remoteInfo = XSTest;
		};
		0544CCCB2277275B004A2499 /* PBXContainerItemProxy */ = {
			isa = PBXContainerItemProxy;
			containerPortal = 0544CCC52277274E004A2499 /* XSTest.xcodeproj */;
			proxyType = 1;
			remoteGlobalIDString = 05D526E621A864BC0025CCEB;
			remoteInfo = XSTest;
		};
		05BFED161F63952E00A6909E /* PBXContainerItemProxy */ = {
			isa = PBXContainerItemProxy;
			containerPortal = 0515C8A71F2A71A8003B8594 /* Project object */;
			proxyType = 1;
			remoteGlobalIDString = 0515C8AE1F2A71A8003B8594;
			remoteInfo = IBMFF;
		};
		05DA96071F2A7D5B005F46DB /* PBXContainerItemProxy */ = {
			isa = PBXContainerItemProxy;
			containerPortal = 0515C8A71F2A71A8003B8594 /* Project object */;
			proxyType = 1;
			remoteGlobalIDString = 0515C8AE1F2A71A8003B8594;
			remoteInfo = IBMFF;
		};
/* End PBXContainerItemProxy section */

/* Begin PBXCopyFilesBuildPhase section */
		05BFED1B1F63952E00A6909E /* CopyFiles */ = {
			isa = PBXCopyFilesBuildPhase;
			buildActionMask = 12;
			dstPath = "";
			dstSubfolderSpec = 16;
			files = (
				05BFED1C1F63952E00A6909E /* IMG1.HEIC in CopyFiles */,
				05BFED1D1F63952E00A6909E /* IMG2.HEIC in CopyFiles */,
				05BFED1E1F63952E00A6909E /* MOV1.MOV in CopyFiles */,
			);
			runOnlyForDeploymentPostprocessing = 0;
		};
/* End PBXCopyFilesBuildPhase section */

/* Begin PBXFileReference section */
		0515C8AF1F2A71A8003B8594 /* libISOBMFF_macOS.a */ = {isa = PBXFileReference; explicitFileType = archive.ar; includeInIndex = 0; path = libISOBMFF_macOS.a; sourceTree = BUILT_PRODUCTS_DIR; };
		0515C8C11F2A7807003B8594 /* File.cpp */ = {isa = PBXFileReference; lastKnownFileType = sourcecode.cpp.cpp; path = File.cpp; sourceTree = "<group>"; };
		0515C8C21F2A7807003B8594 /* File.hpp */ = {isa = PBXFileReference; lastKnownFileType = sourcecode.cpp.h; path = File.hpp; sourceTree = "<group>"; };
		051F4D1A1F5DD03700E6E12C /* README.md */ = {isa = PBXFileReference; lastKnownFileType = net.daringfireball.markdown; path = README.md; sourceTree = "<group>"; };
		051F4D381F5DDCF800E6E12C /* BinaryStream.hpp */ = {isa = PBXFileReference; fileEncoding = 4; lastKnownFileType = sourcecode.cpp.h; path = BinaryStream.hpp; sourceTree = "<group>"; };
		051F4D3A1F5DDCFE00E6E12C /* BinaryStream.cpp */ = {isa = PBXFileReference; fileEncoding = 4; lastKnownFileType = sourcecode.cpp.cpp; path = BinaryStream.cpp; sourceTree = "<group>"; };
		051F4D421F5E01C200E6E12C /* FTYP.cpp */ = {isa = PBXFileReference; lastKnownFileType = sourcecode.cpp.cpp; path = FTYP.cpp; sourceTree = "<group>"; };
		051F4D441F5E01C800E6E12C /* FTYP.hpp */ = {isa = PBXFileReference; fileEncoding = 4; lastKnownFileType = sourcecode.cpp.h; path = FTYP.hpp; sourceTree = "<group>"; };
		051F4D461F5E0AC400E6E12C /* MVHD.hpp */ = {isa = PBXFileReference; lastKnownFileType = sourcecode.cpp.h; path = MVHD.hpp; sourceTree = "<group>"; };
		051F4D481F5E0AD500E6E12C /* MVHD.cpp */ = {isa = PBXFileReference; lastKnownFileType = sourcecode.cpp.cpp; path = MVHD.cpp; sourceTree = "<group>"; };
		051F4D4A1F5E0DCB00E6E12C /* Matrix.hpp */ = {isa = PBXFileReference; lastKnownFileType = sourcecode.cpp.h; path = Matrix.hpp; sourceTree = "<group>"; };
		051F4D4B1F5E0DD800E6E12C /* Matrix.cpp */ = {isa = PBXFileReference; lastKnownFileType = sourcecode.cpp.cpp; path = Matrix.cpp; sourceTree = "<group>"; };
		0531FB021F5FF41B00BCD30D /* HVCC.hpp */ = {isa = PBXFileReference; lastKnownFileType = sourcecode.cpp.h; path = HVCC.hpp; sourceTree = "<group>"; };
		0531FB091F5FF45700BCD30D /* HVCC.cpp */ = {isa = PBXFileReference; fileEncoding = 4; lastKnownFileType = sourcecode.cpp.cpp; path = HVCC.cpp; sourceTree = "<group>"; };
		054480501F6006B1008CCDBA /* HVCC-Array.cpp */ = {isa = PBXFileReference; lastKnownFileType = sourcecode.cpp.cpp; path = "HVCC-Array.cpp"; sourceTree = "<group>"; };
		054480771F601749008CCDBA /* HVCC-Array-NALUnit.cpp */ = {isa = PBXFileReference; lastKnownFileType = sourcecode.cpp.cpp; path = "HVCC-Array-NALUnit.cpp"; sourceTree = "<group>"; };
		0544CCC52277274E004A2499 /* XSTest.xcodeproj */ = {isa = PBXFileReference; lastKnownFileType = "wrapper.pb-project"; name = XSTest.xcodeproj; path = Submodules/XSTest/XSTest.xcodeproj; sourceTree = "<group>"; };
		055D9AF11F666B640056DE16 /* PIXI.hpp */ = {isa = PBXFileReference; fileEncoding = 4; lastKnownFileType = sourcecode.cpp.h; path = PIXI.hpp; sourceTree = "<group>"; };
		055D9AF61F666B880056DE16 /* PIXI.cpp */ = {isa = PBXFileReference; fileEncoding = 4; lastKnownFileType = sourcecode.cpp.cpp; path = PIXI.cpp; sourceTree = "<group>"; };
		055D9AF71F666B880056DE16 /* PIXI-Channel.cpp */ = {isa = PBXFileReference; fileEncoding = 4; lastKnownFileType = sourcecode.cpp.cpp; path = "PIXI-Channel.cpp"; sourceTree = "<group>"; };
		055D9AFA1F666FFF0056DE16 /* IPCO.hpp */ = {isa = PBXFileReference; fileEncoding = 4; lastKnownFileType = sourcecode.cpp.h; path = IPCO.hpp; sourceTree = "<group>"; };
		055D9AFC1F66700A0056DE16 /* IPCO.cpp */ = {isa = PBXFileReference; fileEncoding = 4; lastKnownFileType = sourcecode.cpp.cpp; path = IPCO.cpp; sourceTree = "<group>"; };
		0563BFA51F64768C0064F26B /* DisplayableObject.hpp */ = {isa = PBXFileReference; lastKnownFileType = sourcecode.cpp.h; path = DisplayableObject.hpp; sourceTree = "<group>"; };
		057224112011201F00DC0502 /* Release - ccache.xcconfig */ = {isa = PBXFileReference; lastKnownFileType = text.xcconfig; path = "Release - ccache.xcconfig"; sourceTree = "<group>"; };
		057224122011201F00DC0502 /* Common.xcconfig */ = {isa = PBXFileReference; lastKnownFileType = text.xcconfig; path = Common.xcconfig; sourceTree = "<group>"; };
		057224132011201F00DC0502 /* Debug - ccache.xcconfig */ = {isa = PBXFileReference; lastKnownFileType = text.xcconfig; path = "Debug - ccache.xcconfig"; sourceTree = "<group>"; };
		057224142011201F00DC0502 /* Debug.xcconfig */ = {isa = PBXFileReference; lastKnownFileType = text.xcconfig; path = Debug.xcconfig; sourceTree = "<group>"; };
		057224152011201F00DC0502 /* Release.xcconfig */ = {isa = PBXFileReference; lastKnownFileType = text.xcconfig; path = Release.xcconfig; sourceTree = "<group>"; };
		057224162011201F00DC0502 /* README.md */ = {isa = PBXFileReference; lastKnownFileType = net.daringfireball.markdown; path = README.md; sourceTree = "<group>"; };
		057224182011201F00DC0502 /* Signing.xcconfig */ = {isa = PBXFileReference; lastKnownFileType = text.xcconfig; path = Signing.xcconfig; sourceTree = "<group>"; };
		057224192011201F00DC0502 /* Architectures.xcconfig */ = {isa = PBXFileReference; lastKnownFileType = text.xcconfig; path = Architectures.xcconfig; sourceTree = "<group>"; };
		0572241B2011201F00DC0502 /* Issues.xcconfig */ = {isa = PBXFileReference; lastKnownFileType = text.xcconfig; path = Issues.xcconfig; sourceTree = "<group>"; };
		0572241D2011201F00DC0502 /* Apple-APIs.xcconfig */ = {isa = PBXFileReference; lastKnownFileType = text.xcconfig; path = "Apple-APIs.xcconfig"; sourceTree = "<group>"; };
		0572241E2011201F00DC0502 /* Generic-Issues.xcconfig */ = {isa = PBXFileReference; lastKnownFileType = text.xcconfig; path = "Generic-Issues.xcconfig"; sourceTree = "<group>"; };
		0572241F2011201F00DC0502 /* Security.xcconfig */ = {isa = PBXFileReference; lastKnownFileType = text.xcconfig; path = Security.xcconfig; sourceTree = "<group>"; };
		057224202011201F00DC0502 /* Objective-C.xcconfig */ = {isa = PBXFileReference; lastKnownFileType = text.xcconfig; path = "Objective-C.xcconfig"; sourceTree = "<group>"; };
		057224212011201F00DC0502 /* Analysis-Policy.xcconfig */ = {isa = PBXFileReference; lastKnownFileType = text.xcconfig; path = "Analysis-Policy.xcconfig"; sourceTree = "<group>"; };
		057224222011201F00DC0502 /* Deployment.xcconfig */ = {isa = PBXFileReference; lastKnownFileType = text.xcconfig; path = Deployment.xcconfig; sourceTree = "<group>"; };
		057224232011201F00DC0502 /* Build-Options.xcconfig */ = {isa = PBXFileReference; lastKnownFileType = text.xcconfig; path = "Build-Options.xcconfig"; sourceTree = "<group>"; };
		057224242011201F00DC0502 /* Swift-Compiler.xcconfig */ = {isa = PBXFileReference; lastKnownFileType = text.xcconfig; path = "Swift-Compiler.xcconfig"; sourceTree = "<group>"; };
		057224252011201F00DC0502 /* Static-Analyzer.xcconfig */ = {isa = PBXFileReference; lastKnownFileType = text.xcconfig; path = "Static-Analyzer.xcconfig"; sourceTree = "<group>"; };
		057224272011201F00DC0502 /* Warnings-Policies.xcconfig */ = {isa = PBXFileReference; lastKnownFileType = text.xcconfig; path = "Warnings-Policies.xcconfig"; sourceTree = "<group>"; };
		057224282011201F00DC0502 /* Code-Generation.xcconfig */ = {isa = PBXFileReference; lastKnownFileType = text.xcconfig; path = "Code-Generation.xcconfig"; sourceTree = "<group>"; };
		057224292011201F00DC0502 /* Language.xcconfig */ = {isa = PBXFileReference; lastKnownFileType = text.xcconfig; path = Language.xcconfig; sourceTree = "<group>"; };
		0572242A2011201F00DC0502 /* General.xcconfig */ = {isa = PBXFileReference; lastKnownFileType = text.xcconfig; path = General.xcconfig; sourceTree = "<group>"; };
		0572242B2011201F00DC0502 /* Search-Paths.xcconfig */ = {isa = PBXFileReference; lastKnownFileType = text.xcconfig; path = "Search-Paths.xcconfig"; sourceTree = "<group>"; };
		0572242C2011201F00DC0502 /* Apple-LLVM.xcconfig */ = {isa = PBXFileReference; lastKnownFileType = text.xcconfig; path = "Apple-LLVM.xcconfig"; sourceTree = "<group>"; };
		0572242F2011201F00DC0502 /* Modules.xcconfig */ = {isa = PBXFileReference; lastKnownFileType = text.xcconfig; path = Modules.xcconfig; sourceTree = "<group>"; };
		057224302011201F00DC0502 /* Objective-C.xcconfig */ = {isa = PBXFileReference; lastKnownFileType = text.xcconfig; path = "Objective-C.xcconfig"; sourceTree = "<group>"; };
		057224312011201F00DC0502 /* C++.xcconfig */ = {isa = PBXFileReference; lastKnownFileType = text.xcconfig; path = "C++.xcconfig"; sourceTree = "<group>"; };
		057224322011201F00DC0502 /* Code-Generation.xcconfig */ = {isa = PBXFileReference; lastKnownFileType = text.xcconfig; path = "Code-Generation.xcconfig"; sourceTree = "<group>"; };
		057224332011201F00DC0502 /* Address-Sanitizer.xcconfig */ = {isa = PBXFileReference; lastKnownFileType = text.xcconfig; path = "Address-Sanitizer.xcconfig"; sourceTree = "<group>"; };
		057224342011201F00DC0502 /* Language.xcconfig */ = {isa = PBXFileReference; lastKnownFileType = text.xcconfig; path = Language.xcconfig; sourceTree = "<group>"; };
		057224352011201F00DC0502 /* Warnings.xcconfig */ = {isa = PBXFileReference; lastKnownFileType = text.xcconfig; path = Warnings.xcconfig; sourceTree = "<group>"; };
		057224362011201F00DC0502 /* Undefined-Behavior-Sanitizer.xcconfig */ = {isa = PBXFileReference; lastKnownFileType = text.xcconfig; path = "Undefined-Behavior-Sanitizer.xcconfig"; sourceTree = "<group>"; };
		057224372011201F00DC0502 /* Warning-Policies.xcconfig */ = {isa = PBXFileReference; lastKnownFileType = text.xcconfig; path = "Warning-Policies.xcconfig"; sourceTree = "<group>"; };
		057224392011201F00DC0502 /* Objective-C-ARC.xcconfig */ = {isa = PBXFileReference; lastKnownFileType = text.xcconfig; path = "Objective-C-ARC.xcconfig"; sourceTree = "<group>"; };
		0572243A2011201F00DC0502 /* Objective-C.xcconfig */ = {isa = PBXFileReference; lastKnownFileType = text.xcconfig; path = "Objective-C.xcconfig"; sourceTree = "<group>"; };
		0572243B2011201F00DC0502 /* C++.xcconfig */ = {isa = PBXFileReference; lastKnownFileType = text.xcconfig; path = "C++.xcconfig"; sourceTree = "<group>"; };
		0572243C2011201F00DC0502 /* All-Languages.xcconfig */ = {isa = PBXFileReference; lastKnownFileType = text.xcconfig; path = "All-Languages.xcconfig"; sourceTree = "<group>"; };
		0572243D2011201F00DC0502 /* Preprocessing.xcconfig */ = {isa = PBXFileReference; lastKnownFileType = text.xcconfig; path = Preprocessing.xcconfig; sourceTree = "<group>"; };
		057224402011201F00DC0502 /* ccache-config.sh */ = {isa = PBXFileReference; lastKnownFileType = text.script.sh; path = "ccache-config.sh"; sourceTree = "<group>"; };
		057224412011201F00DC0502 /* ccache.sh */ = {isa = PBXFileReference; lastKnownFileType = text.script.sh; path = ccache.sh; sourceTree = "<group>"; };
		057224462011213C00DC0502 /* libc++.tbd */ = {isa = PBXFileReference; lastKnownFileType = "sourcecode.text-based-dylib-definition"; name = "libc++.tbd"; path = "usr/lib/libc++.tbd"; sourceTree = SDKROOT; };
		057280701F5ED7C200F02C27 /* PITM.hpp */ = {isa = PBXFileReference; lastKnownFileType = sourcecode.cpp.h; path = PITM.hpp; sourceTree = "<group>"; };
		057280751F5ED7CE00F02C27 /* PITM.cpp */ = {isa = PBXFileReference; lastKnownFileType = sourcecode.cpp.cpp; path = PITM.cpp; sourceTree = "<group>"; };
		057280771F5ED9E500F02C27 /* IINF.hpp */ = {isa = PBXFileReference; lastKnownFileType = sourcecode.cpp.h; path = IINF.hpp; sourceTree = "<group>"; };
		057280791F5ED9FE00F02C27 /* IINF.cpp */ = {isa = PBXFileReference; lastKnownFileType = sourcecode.cpp.cpp; path = IINF.cpp; sourceTree = "<group>"; };
		0572807C1F5EDBC700F02C27 /* ILOC.hpp */ = {isa = PBXFileReference; fileEncoding = 4; lastKnownFileType = sourcecode.cpp.h; path = ILOC.hpp; sourceTree = "<group>"; };
		0572807D1F5EDBC700F02C27 /* DREF.hpp */ = {isa = PBXFileReference; fileEncoding = 4; lastKnownFileType = sourcecode.cpp.h; path = DREF.hpp; sourceTree = "<group>"; };
		0572807E1F5EDBC700F02C27 /* IREF.hpp */ = {isa = PBXFileReference; fileEncoding = 4; lastKnownFileType = sourcecode.cpp.h; path = IREF.hpp; sourceTree = "<group>"; };
		057280841F5EDBCE00F02C27 /* ILOC.cpp */ = {isa = PBXFileReference; fileEncoding = 4; lastKnownFileType = sourcecode.cpp.cpp; path = ILOC.cpp; sourceTree = "<group>"; };
		057280851F5EDBCF00F02C27 /* IREF.cpp */ = {isa = PBXFileReference; fileEncoding = 4; lastKnownFileType = sourcecode.cpp.cpp; path = IREF.cpp; sourceTree = "<group>"; };
		057280861F5EDBCF00F02C27 /* DREF.cpp */ = {isa = PBXFileReference; fileEncoding = 4; lastKnownFileType = sourcecode.cpp.cpp; path = DREF.cpp; sourceTree = "<group>"; };
		0572809D1F5EE18B00F02C27 /* INFE.hpp */ = {isa = PBXFileReference; lastKnownFileType = sourcecode.cpp.h; path = INFE.hpp; sourceTree = "<group>"; };
		0572809F1F5EE19400F02C27 /* INFE.cpp */ = {isa = PBXFileReference; lastKnownFileType = sourcecode.cpp.cpp; path = INFE.cpp; sourceTree = "<group>"; };
		057280A11F5EFC9600F02C27 /* ILOC-Item.cpp */ = {isa = PBXFileReference; lastKnownFileType = sourcecode.cpp.cpp; path = "ILOC-Item.cpp"; sourceTree = "<group>"; };
		057280A31F5F038A00F02C27 /* ILOC-Item-Extent.cpp */ = {isa = PBXFileReference; lastKnownFileType = sourcecode.cpp.cpp; path = "ILOC-Item-Extent.cpp"; sourceTree = "<group>"; };
		057280A61F5F210700F02C27 /* Container.hpp */ = {isa = PBXFileReference; lastKnownFileType = sourcecode.cpp.h; path = Container.hpp; sourceTree = "<group>"; };
		057280A81F5F240700F02C27 /* Container.cpp */ = {isa = PBXFileReference; lastKnownFileType = sourcecode.cpp.cpp; path = Container.cpp; sourceTree = "<group>"; };
		057280AA1F5F449600F02C27 /* IROT.hpp */ = {isa = PBXFileReference; lastKnownFileType = sourcecode.cpp.h; path = IROT.hpp; sourceTree = "<group>"; };
		057280AC1F5F44A000F02C27 /* IROT.cpp */ = {isa = PBXFileReference; lastKnownFileType = sourcecode.cpp.cpp; path = IROT.cpp; sourceTree = "<group>"; };
		057280C41F5F5B4E00F02C27 /* IMG1.HEIC */ = {isa = PBXFileReference; lastKnownFileType = file; path = IMG1.HEIC; sourceTree = "<group>"; };
		057280C51F5F5B4E00F02C27 /* MOV1.MOV */ = {isa = PBXFileReference; lastKnownFileType = video.quicktime; path = MOV1.MOV; sourceTree = "<group>"; };
		057280C61F5F5B4E00F02C27 /* IMG2.HEIC */ = {isa = PBXFileReference; lastKnownFileType = file; path = IMG2.HEIC; sourceTree = "<group>"; };
		057758FD1F67B98700987694 /* Makefile */ = {isa = PBXFileReference; fileEncoding = 4; lastKnownFileType = sourcecode.make; path = Makefile; sourceTree = "<group>"; };
		057758FF1F67BFA300987694 /* ISOBMFF.hpp */ = {isa = PBXFileReference; fileEncoding = 4; lastKnownFileType = sourcecode.cpp.h; path = ISOBMFF.hpp; sourceTree = "<group>"; };
		057759011F67CF6500987694 /* LICENSE */ = {isa = PBXFileReference; lastKnownFileType = text; path = LICENSE; sourceTree = "<group>"; };
		05812A461FA0BC9A003B88DF /* FRMA.hpp */ = {isa = PBXFileReference; fileEncoding = 4; lastKnownFileType = sourcecode.cpp.h; path = FRMA.hpp; sourceTree = "<group>"; };
		05812A4B1FA0BCB1003B88DF /* FRMA.cpp */ = {isa = PBXFileReference; fileEncoding = 4; lastKnownFileType = sourcecode.cpp.cpp; path = FRMA.cpp; sourceTree = "<group>"; };
		05812A4D1FA0BE9B003B88DF /* SCHM.hpp */ = {isa = PBXFileReference; lastKnownFileType = sourcecode.cpp.h; path = SCHM.hpp; sourceTree = "<group>"; };
		05812A4E1FA0BEA6003B88DF /* SCHM.cpp */ = {isa = PBXFileReference; fileEncoding = 4; lastKnownFileType = sourcecode.cpp.cpp; path = SCHM.cpp; sourceTree = "<group>"; };
		0583F5A21F6CEB7400D5D49E /* Macros.hpp */ = {isa = PBXFileReference; fileEncoding = 4; lastKnownFileType = sourcecode.cpp.h; path = Macros.hpp; sourceTree = "<group>"; };
		0594C5D51F71541000456FF5 /* STSD.cpp */ = {isa = PBXFileReference; lastKnownFileType = sourcecode.cpp.cpp; path = STSD.cpp; sourceTree = "<group>"; };
		0594C5DA1F71542100456FF5 /* STSD.hpp */ = {isa = PBXFileReference; lastKnownFileType = sourcecode.cpp.h; path = STSD.hpp; sourceTree = "<group>"; };
		059605931F5DC4130005F8C9 /* ContainerBox.hpp */ = {isa = PBXFileReference; lastKnownFileType = sourcecode.cpp.h; path = ContainerBox.hpp; sourceTree = "<group>"; };
		059605971F5DC4300005F8C9 /* FullBox.hpp */ = {isa = PBXFileReference; lastKnownFileType = sourcecode.cpp.h; path = FullBox.hpp; sourceTree = "<group>"; };
		0596059B1F5DC4CE0005F8C9 /* ContainerBox.cpp */ = {isa = PBXFileReference; lastKnownFileType = sourcecode.cpp.cpp; path = ContainerBox.cpp; sourceTree = "<group>"; };
		0596059D1F5DC4D50005F8C9 /* FullBox.cpp */ = {isa = PBXFileReference; lastKnownFileType = sourcecode.cpp.cpp; path = FullBox.cpp; sourceTree = "<group>"; };
		059DBACE1F5EBC1000B7A940 /* HDLR.cpp */ = {isa = PBXFileReference; lastKnownFileType = sourcecode.cpp.cpp; path = HDLR.cpp; sourceTree = "<group>"; };
		059DBAD31F5EBC2000B7A940 /* HDLR.hpp */ = {isa = PBXFileReference; lastKnownFileType = sourcecode.cpp.h; path = HDLR.hpp; sourceTree = "<group>"; };
		05A50AB41F604C2F00EE8C08 /* ImageGrid.cpp */ = {isa = PBXFileReference; fileEncoding = 4; lastKnownFileType = sourcecode.cpp.cpp; path = ImageGrid.cpp; sourceTree = "<group>"; };
		05A50AB61F604C3800EE8C08 /* ImageGrid.hpp */ = {isa = PBXFileReference; fileEncoding = 4; lastKnownFileType = sourcecode.cpp.h; path = ImageGrid.hpp; sourceTree = "<group>"; };
		05A5A7651F5EAF9A00D16AD9 /* META.hpp */ = {isa = PBXFileReference; lastKnownFileType = sourcecode.cpp.h; path = META.hpp; sourceTree = "<group>"; };
		05A5A76B1F5EAFAE00D16AD9 /* META.cpp */ = {isa = PBXFileReference; lastKnownFileType = sourcecode.cpp.cpp; path = META.cpp; sourceTree = "<group>"; };
		05B8BB871FA4BFB100C67878 /* WIN32.hpp */ = {isa = PBXFileReference; fileEncoding = 4; lastKnownFileType = sourcecode.cpp.h; path = WIN32.hpp; sourceTree = "<group>"; };
		05B8BB8C1FA4BFC300C67878 /* WIN32.cpp */ = {isa = PBXFileReference; fileEncoding = 4; lastKnownFileType = sourcecode.cpp.cpp; path = WIN32.cpp; sourceTree = "<group>"; };
		05BFECD41F62EE2700A6909E /* SingleItemTypeReferenceBox.cpp */ = {isa = PBXFileReference; fileEncoding = 4; lastKnownFileType = sourcecode.cpp.cpp; path = SingleItemTypeReferenceBox.cpp; sourceTree = "<group>"; };
		05BFECD91F62EE2F00A6909E /* SingleItemTypeReferenceBox.hpp */ = {isa = PBXFileReference; fileEncoding = 4; lastKnownFileType = sourcecode.cpp.h; path = SingleItemTypeReferenceBox.hpp; sourceTree = "<group>"; };
		05BFECDB1F62EFDB00A6909E /* THMB.hpp */ = {isa = PBXFileReference; fileEncoding = 4; lastKnownFileType = sourcecode.cpp.h; path = THMB.hpp; sourceTree = "<group>"; };
		05BFECDC1F62EFDB00A6909E /* DIMG.hpp */ = {isa = PBXFileReference; fileEncoding = 4; lastKnownFileType = sourcecode.cpp.h; path = DIMG.hpp; sourceTree = "<group>"; };
		05BFECDD1F62EFDB00A6909E /* CDSC.hpp */ = {isa = PBXFileReference; fileEncoding = 4; lastKnownFileType = sourcecode.cpp.h; path = CDSC.hpp; sourceTree = "<group>"; };
		05BFECE21F62F04D00A6909E /* CDSC.cpp */ = {isa = PBXFileReference; fileEncoding = 4; lastKnownFileType = sourcecode.cpp.cpp; path = CDSC.cpp; sourceTree = "<group>"; };
		05BFECE31F62F04D00A6909E /* DIMG.cpp */ = {isa = PBXFileReference; fileEncoding = 4; lastKnownFileType = sourcecode.cpp.cpp; path = DIMG.cpp; sourceTree = "<group>"; };
		05BFECE41F62F04D00A6909E /* THMB.cpp */ = {isa = PBXFileReference; fileEncoding = 4; lastKnownFileType = sourcecode.cpp.cpp; path = THMB.cpp; sourceTree = "<group>"; };
		05BFECE81F62F7E200A6909E /* URL.hpp */ = {isa = PBXFileReference; lastKnownFileType = sourcecode.cpp.h; path = URL.hpp; sourceTree = "<group>"; };
		05BFED001F62F7F200A6909E /* URL.cpp */ = {isa = PBXFileReference; lastKnownFileType = sourcecode.cpp.cpp; path = URL.cpp; sourceTree = "<group>"; };
		05BFED021F62F88100A6909E /* URN.hpp */ = {isa = PBXFileReference; lastKnownFileType = sourcecode.cpp.h; path = URN.hpp; sourceTree = "<group>"; };
		05BFED031F62F88700A6909E /* URN.cpp */ = {isa = PBXFileReference; lastKnownFileType = sourcecode.cpp.cpp; path = URN.cpp; sourceTree = "<group>"; };
		05BFED051F63191F00A6909E /* COLR.cpp */ = {isa = PBXFileReference; lastKnownFileType = sourcecode.cpp.cpp; path = COLR.cpp; sourceTree = "<group>"; };
		05BFED071F63192A00A6909E /* COLR.hpp */ = {isa = PBXFileReference; lastKnownFileType = sourcecode.cpp.h; path = COLR.hpp; sourceTree = "<group>"; };
		05BFED081F637E7E00A6909E /* ISPE.hpp */ = {isa = PBXFileReference; fileEncoding = 4; lastKnownFileType = sourcecode.cpp.h; path = ISPE.hpp; sourceTree = "<group>"; };
		05BFED0A1F637E8500A6909E /* ISPE.cpp */ = {isa = PBXFileReference; fileEncoding = 4; lastKnownFileType = sourcecode.cpp.cpp; path = ISPE.cpp; sourceTree = "<group>"; };
		05BFED0C1F63870300A6909E /* IPMA.cpp */ = {isa = PBXFileReference; fileEncoding = 4; lastKnownFileType = sourcecode.cpp.cpp; path = IPMA.cpp; sourceTree = "<group>"; };
		05BFED0E1F63870F00A6909E /* IPMA.hpp */ = {isa = PBXFileReference; fileEncoding = 4; lastKnownFileType = sourcecode.cpp.h; path = IPMA.hpp; sourceTree = "<group>"; };
		05BFED101F63894100A6909E /* IPMA-Entry.cpp */ = {isa = PBXFileReference; lastKnownFileType = sourcecode.cpp.cpp; path = "IPMA-Entry.cpp"; sourceTree = "<group>"; };
		05BFED121F638E4A00A6909E /* IPMA-Entry-Association.cpp */ = {isa = PBXFileReference; lastKnownFileType = sourcecode.cpp.cpp; path = "IPMA-Entry-Association.cpp"; sourceTree = "<group>"; };
		05BFED221F63952E00A6909E /* ISOBMFF-Dump */ = {isa = PBXFileReference; explicitFileType = "compiled.mach-o.executable"; includeInIndex = 0; path = "ISOBMFF-Dump"; sourceTree = BUILT_PRODUCTS_DIR; };
		05BFED241F63956C00A6909E /* main.cpp */ = {isa = PBXFileReference; explicitFileType = sourcecode.cpp.objcpp; path = main.cpp; sourceTree = "<group>"; };
		05DA96011F2A7D5B005F46DB /* ISOBMFF-Tests.xctest */ = {isa = PBXFileReference; explicitFileType = wrapper.cfbundle; includeInIndex = 0; path = "ISOBMFF-Tests.xctest"; sourceTree = BUILT_PRODUCTS_DIR; };
		05DA96051F2A7D5B005F46DB /* Info.plist */ = {isa = PBXFileReference; lastKnownFileType = text.plist.xml; path = Info.plist; sourceTree = "<group>"; };
		05DA96131F2A7DD4005F46DB /* Parser.cpp */ = {isa = PBXFileReference; lastKnownFileType = sourcecode.cpp.cpp; path = Parser.cpp; sourceTree = "<group>"; };
		05EAD38B1F65B33C003CCB9B /* Utils.hpp */ = {isa = PBXFileReference; lastKnownFileType = sourcecode.cpp.h; path = Utils.hpp; sourceTree = "<group>"; };
		05EAD38F1F65B345003CCB9B /* Utils.cpp */ = {isa = PBXFileReference; lastKnownFileType = sourcecode.cpp.cpp; path = Utils.cpp; sourceTree = "<group>"; };
		05EAD3931F65CD83003CCB9B /* DisplayableObject.cpp */ = {isa = PBXFileReference; lastKnownFileType = sourcecode.cpp.cpp; path = DisplayableObject.cpp; sourceTree = "<group>"; };
		05EAD3961F65DC12003CCB9B /* DisplayableObjectContainer.hpp */ = {isa = PBXFileReference; lastKnownFileType = sourcecode.cpp.h; path = DisplayableObjectContainer.hpp; sourceTree = "<group>"; };
		05EAD3971F65E215003CCB9B /* DisplayableObjectContainer.cpp */ = {isa = PBXFileReference; lastKnownFileType = sourcecode.cpp.cpp; path = DisplayableObjectContainer.cpp; sourceTree = "<group>"; };
		05EAD3AB1F65FE15003CCB9B /* TKHD.hpp */ = {isa = PBXFileReference; lastKnownFileType = sourcecode.cpp.h; path = TKHD.hpp; sourceTree = "<group>"; };
		05EAD3AC1F65FEFE003CCB9B /* TKHD.cpp */ = {isa = PBXFileReference; lastKnownFileType = sourcecode.cpp.cpp; path = TKHD.cpp; sourceTree = "<group>"; };
		05F471DC1F2B5CE500738744 /* Parser.hpp */ = {isa = PBXFileReference; fileEncoding = 4; lastKnownFileType = sourcecode.cpp.h; path = Parser.hpp; sourceTree = "<group>"; };
		05F471DD1F2B5CE500738744 /* Box.hpp */ = {isa = PBXFileReference; fileEncoding = 4; lastKnownFileType = sourcecode.cpp.h; path = Box.hpp; sourceTree = "<group>"; };
		05F471E51F2B5CEE00738744 /* Parser.cpp */ = {isa = PBXFileReference; fileEncoding = 4; lastKnownFileType = sourcecode.cpp.cpp; path = Parser.cpp; sourceTree = "<group>"; };
		05F471E71F2B5CEF00738744 /* Box.cpp */ = {isa = PBXFileReference; fileEncoding = 4; lastKnownFileType = sourcecode.cpp.cpp; path = Box.cpp; sourceTree = "<group>"; };
		BB95E26121183A3500D032F2 /* MadvMP4Boxes.h */ = {isa = PBXFileReference; lastKnownFileType = sourcecode.c.h; path = MadvMP4Boxes.h; sourceTree = "<group>"; };
		BBDF508A2125780600491DE4 /* ISOBMFF.framework */ = {isa = PBXFileReference; explicitFileType = wrapper.framework; includeInIndex = 0; path = ISOBMFF.framework; sourceTree = BUILT_PRODUCTS_DIR; };
		BBDF508C2125780800491DE4 /* ISOBMFF.h */ = {isa = PBXFileReference; lastKnownFileType = sourcecode.c.h; path = ISOBMFF.h; sourceTree = "<group>"; };
		BBDF508D2125780900491DE4 /* Info.plist */ = {isa = PBXFileReference; lastKnownFileType = text.plist.xml; path = Info.plist; sourceTree = "<group>"; };
		BBDF51272125821D00491DE4 /* Object-IMPL.hpp */ = {isa = PBXFileReference; fileEncoding = 4; lastKnownFileType = sourcecode.cpp.h; path = "Object-IMPL.hpp"; sourceTree = "<group>"; };
		BBDF51282125821D00491DE4 /* Object.hpp */ = {isa = PBXFileReference; fileEncoding = 4; lastKnownFileType = sourcecode.cpp.h; path = Object.hpp; sourceTree = "<group>"; };
/* End PBXFileReference section */

/* Begin PBXFrameworksBuildPhase section */
		0515C8AC1F2A71A8003B8594 /* Frameworks */ = {
			isa = PBXFrameworksBuildPhase;
			buildActionMask = 2147483647;
			files = (
			);
			runOnlyForDeploymentPostprocessing = 0;
		};
		05BFED191F63952E00A6909E /* Frameworks */ = {
			isa = PBXFrameworksBuildPhase;
			buildActionMask = 2147483647;
			files = (
				057224472011213C00DC0502 /* libc++.tbd in Frameworks */,
				05BFED1A1F63952E00A6909E /* libISOBMFF_macOS.a in Frameworks */,
			);
			runOnlyForDeploymentPostprocessing = 0;
		};
		05DA95FE1F2A7D5B005F46DB /* Frameworks */ = {
			isa = PBXFrameworksBuildPhase;
			buildActionMask = 2147483647;
			files = (
				05DA96121F2A7DC3005F46DB /* GoogleMock.framework in Frameworks */,
				05DA96061F2A7D5B005F46DB /* libISOBMFF_macOS.a in Frameworks */,
			);
			runOnlyForDeploymentPostprocessing = 0;
		};
		BBDF50872125780600491DE4 /* Frameworks */ = {
			isa = PBXFrameworksBuildPhase;
			buildActionMask = 2147483647;
			files = (
			);
			runOnlyForDeploymentPostprocessing = 0;
		};
/* End PBXFrameworksBuildPhase section */

/* Begin PBXGroup section */
		0515C8A61F2A71A8003B8594 = {
			isa = PBXGroup;
			children = (
				BBDF51252125821D00491DE4 /* XS */,
				057224102011201F00DC0502 /* xcconfig */,
				051F4D1A1F5DD03700E6E12C /* README.md */,
				057759011F67CF6500987694 /* LICENSE */,
				057758FD1F67B98700987694 /* Makefile */,
				0544CCC52277274E004A2499 /* XSTest.xcodeproj */,
				0515C8B11F2A71A8003B8594 /* ISOBMFF */,
				05BFED231F63956C00A6909E /* ISOBMFF-Dump */,
				05F471F01F2B5E6B00738744 /* Example-Files */,
				05DA96021F2A7D5B005F46DB /* ISOBMFF-Tests */,
				BBDF508B2125780800491DE4 /* ISOBMFF */,
				0515C8B01F2A71A8003B8594 /* Products */,
				057224452011213C00DC0502 /* Frameworks */,
			);
			sourceTree = "<group>";
		};
		0515C8B01F2A71A8003B8594 /* Products */ = {
			isa = PBXGroup;
			children = (
				0515C8AF1F2A71A8003B8594 /* libISOBMFF_macOS.a */,
				05DA96011F2A7D5B005F46DB /* ISOBMFF-Tests.xctest */,
				05BFED221F63952E00A6909E /* ISOBMFF-Dump */,
				BBDF508A2125780600491DE4 /* ISOBMFF.framework */,
			);
			name = Products;
			sourceTree = "<group>";
		};
		0515C8B11F2A71A8003B8594 /* ISOBMFF */ = {
			isa = PBXGroup;
			children = (
				0515C8BD1F2A71E7003B8594 /* include */,
				0515C8BE1F2A71E7003B8594 /* source */,
			);
			path = ISOBMFF;
			sourceTree = "<group>";
		};
		0515C8BD1F2A71E7003B8594 /* include */ = {
			isa = PBXGroup;
			children = (
				057758FF1F67BFA300987694 /* ISOBMFF.hpp */,
				0515C8BF1F2A7775003B8594 /* ISOBMFF */,
			);
			path = include;
			sourceTree = "<group>";
		};
		0515C8BE1F2A71E7003B8594 /* source */ = {
			isa = PBXGroup;
			children = (
				051F4D3A1F5DDCFE00E6E12C /* BinaryStream.cpp */,
				05F471E71F2B5CEF00738744 /* Box.cpp */,
				05BFECE21F62F04D00A6909E /* CDSC.cpp */,
				05BFED051F63191F00A6909E /* COLR.cpp */,
				057280A81F5F240700F02C27 /* Container.cpp */,
				0596059B1F5DC4CE0005F8C9 /* ContainerBox.cpp */,
				05BFECE31F62F04D00A6909E /* DIMG.cpp */,
				05EAD3931F65CD83003CCB9B /* DisplayableObject.cpp */,
				05EAD3971F65E215003CCB9B /* DisplayableObjectContainer.cpp */,
				057280861F5EDBCF00F02C27 /* DREF.cpp */,
				0515C8C11F2A7807003B8594 /* File.cpp */,
				05812A4B1FA0BCB1003B88DF /* FRMA.cpp */,
				051F4D421F5E01C200E6E12C /* FTYP.cpp */,
				0596059D1F5DC4D50005F8C9 /* FullBox.cpp */,
				059DBACE1F5EBC1000B7A940 /* HDLR.cpp */,
				054480771F601749008CCDBA /* HVCC-Array-NALUnit.cpp */,
				054480501F6006B1008CCDBA /* HVCC-Array.cpp */,
				0531FB091F5FF45700BCD30D /* HVCC.cpp */,
				057280791F5ED9FE00F02C27 /* IINF.cpp */,
				057280A31F5F038A00F02C27 /* ILOC-Item-Extent.cpp */,
				057280A11F5EFC9600F02C27 /* ILOC-Item.cpp */,
				057280841F5EDBCE00F02C27 /* ILOC.cpp */,
				05A50AB41F604C2F00EE8C08 /* ImageGrid.cpp */,
				0572809F1F5EE19400F02C27 /* INFE.cpp */,
				055D9AFC1F66700A0056DE16 /* IPCO.cpp */,
				05BFED121F638E4A00A6909E /* IPMA-Entry-Association.cpp */,
				05BFED101F63894100A6909E /* IPMA-Entry.cpp */,
				05BFED0C1F63870300A6909E /* IPMA.cpp */,
				057280851F5EDBCF00F02C27 /* IREF.cpp */,
				057280AC1F5F44A000F02C27 /* IROT.cpp */,
				05BFED0A1F637E8500A6909E /* ISPE.cpp */,
				051F4D4B1F5E0DD800E6E12C /* Matrix.cpp */,
				05A5A76B1F5EAFAE00D16AD9 /* META.cpp */,
				051F4D481F5E0AD500E6E12C /* MVHD.cpp */,
				05F471E51F2B5CEE00738744 /* Parser.cpp */,
				057280751F5ED7CE00F02C27 /* PITM.cpp */,
				055D9AF71F666B880056DE16 /* PIXI-Channel.cpp */,
				055D9AF61F666B880056DE16 /* PIXI.cpp */,
				05812A4E1FA0BEA6003B88DF /* SCHM.cpp */,
				05BFECD41F62EE2700A6909E /* SingleItemTypeReferenceBox.cpp */,
				0594C5D51F71541000456FF5 /* STSD.cpp */,
				05BFECE41F62F04D00A6909E /* THMB.cpp */,
				05EAD3AC1F65FEFE003CCB9B /* TKHD.cpp */,
				05BFED001F62F7F200A6909E /* URL.cpp */,
				05BFED031F62F88700A6909E /* URN.cpp */,
				05EAD38F1F65B345003CCB9B /* Utils.cpp */,
				05B8BB8C1FA4BFC300C67878 /* WIN32.cpp */,
			);
			path = source;
			sourceTree = "<group>";
		};
		0515C8BF1F2A7775003B8594 /* ISOBMFF */ = {
			isa = PBXGroup;
			children = (
				051F4D381F5DDCF800E6E12C /* BinaryStream.hpp */,
				05F471DD1F2B5CE500738744 /* Box.hpp */,
				05BFECDD1F62EFDB00A6909E /* CDSC.hpp */,
				05BFED071F63192A00A6909E /* COLR.hpp */,
				057280A61F5F210700F02C27 /* Container.hpp */,
				059605931F5DC4130005F8C9 /* ContainerBox.hpp */,
				05BFECDC1F62EFDB00A6909E /* DIMG.hpp */,
				0563BFA51F64768C0064F26B /* DisplayableObject.hpp */,
				05EAD3961F65DC12003CCB9B /* DisplayableObjectContainer.hpp */,
				0572807D1F5EDBC700F02C27 /* DREF.hpp */,
				0515C8C21F2A7807003B8594 /* File.hpp */,
				05812A461FA0BC9A003B88DF /* FRMA.hpp */,
				051F4D441F5E01C800E6E12C /* FTYP.hpp */,
				059605971F5DC4300005F8C9 /* FullBox.hpp */,
				059DBAD31F5EBC2000B7A940 /* HDLR.hpp */,
				0531FB021F5FF41B00BCD30D /* HVCC.hpp */,
				057280771F5ED9E500F02C27 /* IINF.hpp */,
				0572807C1F5EDBC700F02C27 /* ILOC.hpp */,
				05A50AB61F604C3800EE8C08 /* ImageGrid.hpp */,
				0572809D1F5EE18B00F02C27 /* INFE.hpp */,
				055D9AFA1F666FFF0056DE16 /* IPCO.hpp */,
				05BFED0E1F63870F00A6909E /* IPMA.hpp */,
				0572807E1F5EDBC700F02C27 /* IREF.hpp */,
				057280AA1F5F449600F02C27 /* IROT.hpp */,
				05BFED081F637E7E00A6909E /* ISPE.hpp */,
				0583F5A21F6CEB7400D5D49E /* Macros.hpp */,
				051F4D4A1F5E0DCB00E6E12C /* Matrix.hpp */,
				05A5A7651F5EAF9A00D16AD9 /* META.hpp */,
				051F4D461F5E0AC400E6E12C /* MVHD.hpp */,
				05F471DC1F2B5CE500738744 /* Parser.hpp */,
				057280701F5ED7C200F02C27 /* PITM.hpp */,
				055D9AF11F666B640056DE16 /* PIXI.hpp */,
				05812A4D1FA0BE9B003B88DF /* SCHM.hpp */,
				05BFECD91F62EE2F00A6909E /* SingleItemTypeReferenceBox.hpp */,
				0594C5DA1F71542100456FF5 /* STSD.hpp */,
				05BFECDB1F62EFDB00A6909E /* THMB.hpp */,
				05EAD3AB1F65FE15003CCB9B /* TKHD.hpp */,
				05BFECE81F62F7E200A6909E /* URL.hpp */,
				05BFED021F62F88100A6909E /* URN.hpp */,
				05EAD38B1F65B33C003CCB9B /* Utils.hpp */,
				05B8BB871FA4BFB100C67878 /* WIN32.hpp */,
			);
			path = ISOBMFF;
			sourceTree = "<group>";
		};
		0544CCC62277274E004A2499 /* Products */ = {
			isa = PBXGroup;
			children = (
				0544CCCA2277274F004A2499 /* XSTest.framework */,
			);
			name = Products;
			sourceTree = "<group>";
		};
		057224102011201F00DC0502 /* xcconfig */ = {
			isa = PBXGroup;
			children = (
				057224112011201F00DC0502 /* Release - ccache.xcconfig */,
				057224122011201F00DC0502 /* Common.xcconfig */,
				057224132011201F00DC0502 /* Debug - ccache.xcconfig */,
				057224142011201F00DC0502 /* Debug.xcconfig */,
				057224152011201F00DC0502 /* Release.xcconfig */,
				057224162011201F00DC0502 /* README.md */,
				057224172011201F00DC0502 /* Common */,
				0572243F2011201F00DC0502 /* Scripts */,
			);
			name = xcconfig;
			path = Submodules/xcconfig;
			sourceTree = "<group>";
		};
		057224172011201F00DC0502 /* Common */ = {
			isa = PBXGroup;
			children = (
				057224182011201F00DC0502 /* Signing.xcconfig */,
				057224192011201F00DC0502 /* Architectures.xcconfig */,
				0572241A2011201F00DC0502 /* Static-Analyzer */,
				057224222011201F00DC0502 /* Deployment.xcconfig */,
				057224232011201F00DC0502 /* Build-Options.xcconfig */,
				057224242011201F00DC0502 /* Swift-Compiler.xcconfig */,
				057224252011201F00DC0502 /* Static-Analyzer.xcconfig */,
				057224262011201F00DC0502 /* Swift-Compiler */,
				0572242B2011201F00DC0502 /* Search-Paths.xcconfig */,
				0572242C2011201F00DC0502 /* Apple-LLVM.xcconfig */,
				0572242D2011201F00DC0502 /* Apple-LLVM */,
			);
			path = Common;
			sourceTree = "<group>";
		};
		0572241A2011201F00DC0502 /* Static-Analyzer */ = {
			isa = PBXGroup;
			children = (
				0572241B2011201F00DC0502 /* Issues.xcconfig */,
				0572241C2011201F00DC0502 /* Issues */,
			);
			path = "Static-Analyzer";
			sourceTree = "<group>";
		};
		0572241C2011201F00DC0502 /* Issues */ = {
			isa = PBXGroup;
			children = (
				0572241D2011201F00DC0502 /* Apple-APIs.xcconfig */,
				0572241E2011201F00DC0502 /* Generic-Issues.xcconfig */,
				0572241F2011201F00DC0502 /* Security.xcconfig */,
				057224202011201F00DC0502 /* Objective-C.xcconfig */,
				057224212011201F00DC0502 /* Analysis-Policy.xcconfig */,
			);
			path = Issues;
			sourceTree = "<group>";
		};
		057224262011201F00DC0502 /* Swift-Compiler */ = {
			isa = PBXGroup;
			children = (
				057224272011201F00DC0502 /* Warnings-Policies.xcconfig */,
				057224282011201F00DC0502 /* Code-Generation.xcconfig */,
				057224292011201F00DC0502 /* Language.xcconfig */,
				0572242A2011201F00DC0502 /* General.xcconfig */,
			);
			path = "Swift-Compiler";
			sourceTree = "<group>";
		};
		0572242D2011201F00DC0502 /* Apple-LLVM */ = {
			isa = PBXGroup;
			children = (
				0572242E2011201F00DC0502 /* Language */,
				057224322011201F00DC0502 /* Code-Generation.xcconfig */,
				057224332011201F00DC0502 /* Address-Sanitizer.xcconfig */,
				057224342011201F00DC0502 /* Language.xcconfig */,
				057224352011201F00DC0502 /* Warnings.xcconfig */,
				057224362011201F00DC0502 /* Undefined-Behavior-Sanitizer.xcconfig */,
				057224372011201F00DC0502 /* Warning-Policies.xcconfig */,
				057224382011201F00DC0502 /* Warnings */,
				0572243D2011201F00DC0502 /* Preprocessing.xcconfig */,
			);
			path = "Apple-LLVM";
			sourceTree = "<group>";
		};
		0572242E2011201F00DC0502 /* Language */ = {
			isa = PBXGroup;
			children = (
				0572242F2011201F00DC0502 /* Modules.xcconfig */,
				057224302011201F00DC0502 /* Objective-C.xcconfig */,
				057224312011201F00DC0502 /* C++.xcconfig */,
			);
			path = Language;
			sourceTree = "<group>";
		};
		057224382011201F00DC0502 /* Warnings */ = {
			isa = PBXGroup;
			children = (
				057224392011201F00DC0502 /* Objective-C-ARC.xcconfig */,
				0572243A2011201F00DC0502 /* Objective-C.xcconfig */,
				0572243B2011201F00DC0502 /* C++.xcconfig */,
				0572243C2011201F00DC0502 /* All-Languages.xcconfig */,
			);
			path = Warnings;
			sourceTree = "<group>";
		};
		0572243F2011201F00DC0502 /* Scripts */ = {
			isa = PBXGroup;
			children = (
				057224402011201F00DC0502 /* ccache-config.sh */,
				057224412011201F00DC0502 /* ccache.sh */,
			);
			path = Scripts;
			sourceTree = "<group>";
		};
		057224452011213C00DC0502 /* Frameworks */ = {
			isa = PBXGroup;
			children = (
				057224462011213C00DC0502 /* libc++.tbd */,
			);
			name = Frameworks;
			sourceTree = "<group>";
		};
		05BFED231F63956C00A6909E /* ISOBMFF-Dump */ = {
			isa = PBXGroup;
			children = (
				BB95E26121183A3500D032F2 /* MadvMP4Boxes.h */,
				05BFED241F63956C00A6909E /* main.cpp */,
			);
			path = "ISOBMFF-Dump";
			sourceTree = "<group>";
		};
		05DA96021F2A7D5B005F46DB /* ISOBMFF-Tests */ = {
			isa = PBXGroup;
			children = (
				05DA96051F2A7D5B005F46DB /* Info.plist */,
				05DA96131F2A7DD4005F46DB /* Parser.cpp */,
			);
			path = "ISOBMFF-Tests";
			sourceTree = "<group>";
		};
		05F471F01F2B5E6B00738744 /* Example-Files */ = {
			isa = PBXGroup;
			children = (
				057280C41F5F5B4E00F02C27 /* IMG1.HEIC */,
				057280C61F5F5B4E00F02C27 /* IMG2.HEIC */,
				057280C51F5F5B4E00F02C27 /* MOV1.MOV */,
			);
			path = "Example-Files";
			sourceTree = "<group>";
		};
		BBDF508B2125780800491DE4 /* ISOBMFF */ = {
			isa = PBXGroup;
			children = (
				BBDF508C2125780800491DE4 /* ISOBMFF.h */,
				BBDF508D2125780900491DE4 /* Info.plist */,
			);
			name = ISOBMFF;
			path = ISOBMFF_macOS;
			sourceTree = "<group>";
		};
		BBDF51252125821D00491DE4 /* XS */ = {
			isa = PBXGroup;
			children = (
				BBDF51262125821D00491DE4 /* PIMPL */,
			);
			name = XS;
			path = Submodules/PIMPL/PIMPL/include/XS;
			sourceTree = "<group>";
		};
		BBDF51262125821D00491DE4 /* PIMPL */ = {
			isa = PBXGroup;
			children = (
				BBDF51272125821D00491DE4 /* Object-IMPL.hpp */,
				BBDF51282125821D00491DE4 /* Object.hpp */,
			);
			path = PIMPL;
			sourceTree = "<group>";
		};
/* End PBXGroup section */

/* Begin PBXHeadersBuildPhase section */
		0515C8AD1F2A71A8003B8594 /* Headers */ = {
			isa = PBXHeadersBuildPhase;
			buildActionMask = 2147483647;
			files = (
				BBDF51292125821D00491DE4 /* Object-IMPL.hpp in Headers */,
				05B8BB8B1FA4BFB200C67878 /* WIN32.hpp in Headers */,
				057759001F67BFA300987694 /* ISOBMFF.hpp in Headers */,
				BBDF512B2125821D00491DE4 /* Object.hpp in Headers */,
			);
			runOnlyForDeploymentPostprocessing = 0;
		};
		BBDF50852125780600491DE4 /* Headers */ = {
			isa = PBXHeadersBuildPhase;
			buildActionMask = 2147483647;
			files = (
				BBDF512C2125821D00491DE4 /* Object.hpp in Headers */,
				BBDF512A2125821D00491DE4 /* Object-IMPL.hpp in Headers */,
				BBDF50D921257B4F00491DE4 /* ISOBMFF.hpp in Headers */,
				BBDF50DA21257B4F00491DE4 /* BinaryStream.hpp in Headers */,
				BBDF50DB21257B4F00491DE4 /* Box.hpp in Headers */,
				BBDF50DC21257B4F00491DE4 /* CDSC.hpp in Headers */,
				BBDF50DD21257B4F00491DE4 /* COLR.hpp in Headers */,
				BBDF50DE21257B4F00491DE4 /* Container.hpp in Headers */,
				BBDF50DF21257B4F00491DE4 /* ContainerBox.hpp in Headers */,
				BBDF50E021257B4F00491DE4 /* DIMG.hpp in Headers */,
				BBDF50E121257B4F00491DE4 /* DisplayableObject.hpp in Headers */,
				BBDF50E221257B4F00491DE4 /* DisplayableObjectContainer.hpp in Headers */,
				BBDF50E321257B4F00491DE4 /* DREF.hpp in Headers */,
				BBDF50E421257B4F00491DE4 /* File.hpp in Headers */,
				BBDF50E521257B4F00491DE4 /* FRMA.hpp in Headers */,
				BBDF50E621257B4F00491DE4 /* FTYP.hpp in Headers */,
				BBDF50E721257B4F00491DE4 /* FullBox.hpp in Headers */,
				BBDF50E821257B4F00491DE4 /* HDLR.hpp in Headers */,
				BBDF50E921257B4F00491DE4 /* HVCC.hpp in Headers */,
				BBDF50EA21257B4F00491DE4 /* IINF.hpp in Headers */,
				BBDF50EB21257B4F00491DE4 /* ILOC.hpp in Headers */,
				BBDF50EC21257B4F00491DE4 /* ImageGrid.hpp in Headers */,
				BBDF50ED21257B4F00491DE4 /* INFE.hpp in Headers */,
				BBDF50EE21257B4F00491DE4 /* IPCO.hpp in Headers */,
				BBDF50EF21257B4F00491DE4 /* IPMA.hpp in Headers */,
				BBDF50F021257B4F00491DE4 /* IREF.hpp in Headers */,
				BBDF50F121257B4F00491DE4 /* IROT.hpp in Headers */,
				BBDF50F221257B4F00491DE4 /* ISPE.hpp in Headers */,
				BBDF50F321257B4F00491DE4 /* Macros.hpp in Headers */,
				BBDF50F421257B4F00491DE4 /* Matrix.hpp in Headers */,
				BBDF50F521257B4F00491DE4 /* META.hpp in Headers */,
				BBDF50F621257B4F00491DE4 /* MVHD.hpp in Headers */,
				BBDF50F721257B4F00491DE4 /* Parser.hpp in Headers */,
				BBDF50F821257B4F00491DE4 /* PITM.hpp in Headers */,
				BBDF50F921257B4F00491DE4 /* PIXI.hpp in Headers */,
				BBDF50FA21257B4F00491DE4 /* SCHM.hpp in Headers */,
				BBDF50FB21257B4F00491DE4 /* SingleItemTypeReferenceBox.hpp in Headers */,
				BBDF50FC21257B4F00491DE4 /* STSD.hpp in Headers */,
				BBDF50FD21257B4F00491DE4 /* THMB.hpp in Headers */,
				BBDF50FE21257B4F00491DE4 /* TKHD.hpp in Headers */,
				BBDF50FF21257B4F00491DE4 /* URL.hpp in Headers */,
				BBDF510021257B4F00491DE4 /* URN.hpp in Headers */,
				BBDF510121257B4F00491DE4 /* Utils.hpp in Headers */,
				BBDF510221257B4F00491DE4 /* WIN32.hpp in Headers */,
				BBDF508E2125780900491DE4 /* ISOBMFF.h in Headers */,
			);
			runOnlyForDeploymentPostprocessing = 0;
		};
/* End PBXHeadersBuildPhase section */

/* Begin PBXNativeTarget section */
		0515C8AE1F2A71A8003B8594 /* ISOBMFF_macOS */ = {
			isa = PBXNativeTarget;
			buildConfigurationList = 0515C8BA1F2A71A8003B8594 /* Build configuration list for PBXNativeTarget "ISOBMFF_macOS" */;
			buildPhases = (
				0515C8AB1F2A71A8003B8594 /* Sources */,
				0515C8AC1F2A71A8003B8594 /* Frameworks */,
				0515C8AD1F2A71A8003B8594 /* Headers */,
			);
			buildRules = (
			);
			dependencies = (
			);
			name = ISOBMFF_macOS;
			productName = IBMFF;
			productReference = 0515C8AF1F2A71A8003B8594 /* libISOBMFF_macOS.a */;
			productType = "com.apple.product-type.library.static";
		};
		05BFED141F63952E00A6909E /* ISOBMFF-Dump */ = {
			isa = PBXNativeTarget;
			buildConfigurationList = 05BFED1F1F63952E00A6909E /* Build configuration list for PBXNativeTarget "ISOBMFF-Dump" */;
			buildPhases = (
				05BFED171F63952E00A6909E /* Sources */,
				05BFED191F63952E00A6909E /* Frameworks */,
				05BFED1B1F63952E00A6909E /* CopyFiles */,
			);
			buildRules = (
			);
			dependencies = (
				05BFED151F63952E00A6909E /* PBXTargetDependency */,
			);
			name = "ISOBMFF-Dump";
			productName = IBMFF_Example;
			productReference = 05BFED221F63952E00A6909E /* ISOBMFF-Dump */;
			productType = "com.apple.product-type.tool";
		};
		05DA96001F2A7D5B005F46DB /* ISOBMFF-Tests */ = {
			isa = PBXNativeTarget;
			buildConfigurationList = 05DA960F1F2A7D5B005F46DB /* Build configuration list for PBXNativeTarget "ISOBMFF-Tests" */;
			buildPhases = (
				05DA95FD1F2A7D5B005F46DB /* Sources */,
				05DA95FE1F2A7D5B005F46DB /* Frameworks */,
				05DA95FF1F2A7D5B005F46DB /* Resources */,
			);
			buildRules = (
			);
			dependencies = (
				0544CCCC2277275B004A2499 /* PBXTargetDependency */,
				05DA96081F2A7D5B005F46DB /* PBXTargetDependency */,
			);
			name = "ISOBMFF-Tests";
			productName = "IBMFF-Tests";
			productReference = 05DA96011F2A7D5B005F46DB /* ISOBMFF-Tests.xctest */;
			productType = "com.apple.product-type.bundle.unit-test";
		};
		BBDF50892125780600491DE4 /* ISOBMFF */ = {
			isa = PBXNativeTarget;
			buildConfigurationList = BBDF50942125780900491DE4 /* Build configuration list for PBXNativeTarget "ISOBMFF" */;
			buildPhases = (
				BBDF50852125780600491DE4 /* Headers */,
				BBDF50862125780600491DE4 /* Sources */,
				BBDF50872125780600491DE4 /* Frameworks */,
				BBDF50882125780600491DE4 /* Resources */,
			);
			buildRules = (
			);
			dependencies = (
			);
			name = ISOBMFF;
			productName = ISOBMFF_macOS;
			productReference = BBDF508A2125780600491DE4 /* ISOBMFF.framework */;
			productType = "com.apple.product-type.framework";
		};
/* End PBXNativeTarget section */

/* Begin PBXProject section */
		0515C8A71F2A71A8003B8594 /* Project object */ = {
			isa = PBXProject;
			attributes = {
				LastUpgradeCheck = 1220;
				ORGANIZATIONNAME = "XS-Labs";
				TargetAttributes = {
					0515C8AE1F2A71A8003B8594 = {
						CreatedOnToolsVersion = 9.0;
						ProvisioningStyle = Automatic;
					};
					05BFED141F63952E00A6909E = {
						ProvisioningStyle = Automatic;
					};
					05DA96001F2A7D5B005F46DB = {
						CreatedOnToolsVersion = 9.0;
						ProvisioningStyle = Automatic;
					};
					BBDF50892125780600491DE4 = {
						CreatedOnToolsVersion = 10.0;
						ProvisioningStyle = Automatic;
					};
				};
			};
			buildConfigurationList = 0515C8AA1F2A71A8003B8594 /* Build configuration list for PBXProject "ISOBMFF" */;
			compatibilityVersion = "Xcode 8.0";
			developmentRegion = en;
			hasScannedForEncodings = 0;
			knownRegions = (
				en,
				Base,
			);
			mainGroup = 0515C8A61F2A71A8003B8594;
			productRefGroup = 0515C8B01F2A71A8003B8594 /* Products */;
			projectDirPath = "";
			projectReferences = (
				{
					ProductGroup = 0544CCC62277274E004A2499 /* Products */;
					ProjectRef = 0544CCC52277274E004A2499 /* XSTest.xcodeproj */;
				},
			);
			projectRoot = "";
			targets = (
				0515C8AE1F2A71A8003B8594 /* ISOBMFF_macOS */,
				05DA96001F2A7D5B005F46DB /* ISOBMFF-Tests */,
				05BFED141F63952E00A6909E /* ISOBMFF-Dump */,
				BBDF50892125780600491DE4 /* ISOBMFF */,
			);
		};
/* End PBXProject section */

/* Begin PBXReferenceProxy section */
		0544CCCA2277274F004A2499 /* XSTest.framework */ = {
			isa = PBXReferenceProxy;
			fileType = wrapper.framework;
			path = XSTest.framework;
			remoteRef = 0544CCC92277274F004A2499 /* PBXContainerItemProxy */;
			sourceTree = BUILT_PRODUCTS_DIR;
		};
/* End PBXReferenceProxy section */

/* Begin PBXResourcesBuildPhase section */
		05DA95FF1F2A7D5B005F46DB /* Resources */ = {
			isa = PBXResourcesBuildPhase;
			buildActionMask = 2147483647;
			files = (
			);
			runOnlyForDeploymentPostprocessing = 0;
		};
		BBDF50882125780600491DE4 /* Resources */ = {
			isa = PBXResourcesBuildPhase;
			buildActionMask = 2147483647;
			files = (
			);
			runOnlyForDeploymentPostprocessing = 0;
		};
/* End PBXResourcesBuildPhase section */

/* Begin PBXSourcesBuildPhase section */
		0515C8AB1F2A71A8003B8594 /* Sources */ = {
			isa = PBXSourcesBuildPhase;
			buildActionMask = 2147483647;
			files = (
				0572808A1F5EDBCF00F02C27 /* DREF.cpp in Sources */,
				05B8BB8D1FA4BFC300C67878 /* WIN32.cpp in Sources */,
				059DBAD21F5EBC1000B7A940 /* HDLR.cpp in Sources */,
				051F4D491F5E0AD500E6E12C /* MVHD.cpp in Sources */,
				0596059E1F5DC4D50005F8C9 /* FullBox.cpp in Sources */,
				05EAD3AD1F65FEFE003CCB9B /* TKHD.cpp in Sources */,
				057280761F5ED7CE00F02C27 /* PITM.cpp in Sources */,
				05F471E81F2B5CEF00738744 /* Parser.cpp in Sources */,
				055D9AF91F666B880056DE16 /* PIXI-Channel.cpp in Sources */,
				05EAD3981F65E215003CCB9B /* DisplayableObjectContainer.cpp in Sources */,
				05812A4C1FA0BCB1003B88DF /* FRMA.cpp in Sources */,
				054480521F6007E1008CCDBA /* HVCC-Array.cpp in Sources */,
				05BFED011F62F7F300A6909E /* URL.cpp in Sources */,
				057280A91F5F240700F02C27 /* Container.cpp in Sources */,
				051F4D4C1F5E0DD800E6E12C /* Matrix.cpp in Sources */,
				05A5A76C1F5EAFAE00D16AD9 /* META.cpp in Sources */,
				05BFED0B1F637E8500A6909E /* ISPE.cpp in Sources */,
				055D9AF81F666B880056DE16 /* PIXI.cpp in Sources */,
				05BFECE61F62F04D00A6909E /* DIMG.cpp in Sources */,
				05BFED041F62F88700A6909E /* URN.cpp in Sources */,
				05A50AB51F604C3000EE8C08 /* ImageGrid.cpp in Sources */,
				05EAD3941F65CD84003CCB9B /* DisplayableObject.cpp in Sources */,
				05BFED061F63192000A6909E /* COLR.cpp in Sources */,
				057280A41F5F038A00F02C27 /* ILOC-Item-Extent.cpp in Sources */,
				057280A01F5EE19400F02C27 /* INFE.cpp in Sources */,
				05EAD3901F65B346003CCB9B /* Utils.cpp in Sources */,
				054480781F60174A008CCDBA /* HVCC-Array-NALUnit.cpp in Sources */,
				055D9AFD1F66700A0056DE16 /* IPCO.cpp in Sources */,
				0572807A1F5ED9FF00F02C27 /* IINF.cpp in Sources */,
				057280AD1F5F44A100F02C27 /* IROT.cpp in Sources */,
				057280881F5EDBCF00F02C27 /* ILOC.cpp in Sources */,
				0596059C1F5DC4CE0005F8C9 /* ContainerBox.cpp in Sources */,
				057280A21F5EFC9600F02C27 /* ILOC-Item.cpp in Sources */,
				0594C5D91F71541100456FF5 /* STSD.cpp in Sources */,
				05F471EA1F2B5CEF00738744 /* Box.cpp in Sources */,
				051F4D431F5E01C200E6E12C /* FTYP.cpp in Sources */,
				05BFECE51F62F04D00A6909E /* CDSC.cpp in Sources */,
				05BFECE71F62F04D00A6909E /* THMB.cpp in Sources */,
				051F4D3B1F5DDCFE00E6E12C /* BinaryStream.cpp in Sources */,
				05812A4F1FA0BEA7003B88DF /* SCHM.cpp in Sources */,
				05BFECD81F62EE2700A6909E /* SingleItemTypeReferenceBox.cpp in Sources */,
				0531FB0A1F5FF45700BCD30D /* HVCC.cpp in Sources */,
				05BFED131F638E4B00A6909E /* IPMA-Entry-Association.cpp in Sources */,
				0515C8C31F2A7807003B8594 /* File.cpp in Sources */,
				05BFED111F63894100A6909E /* IPMA-Entry.cpp in Sources */,
				057280891F5EDBCF00F02C27 /* IREF.cpp in Sources */,
				05BFED0D1F63870300A6909E /* IPMA.cpp in Sources */,
			);
			runOnlyForDeploymentPostprocessing = 0;
		};
		05BFED171F63952E00A6909E /* Sources */ = {
			isa = PBXSourcesBuildPhase;
			buildActionMask = 2147483647;
			files = (
				05BFED251F6397D400A6909E /* main.cpp in Sources */,
			);
			runOnlyForDeploymentPostprocessing = 0;
		};
		05DA95FD1F2A7D5B005F46DB /* Sources */ = {
			isa = PBXSourcesBuildPhase;
			buildActionMask = 2147483647;
			files = (
				05DA96141F2A7DD4005F46DB /* Parser.cpp in Sources */,
			);
			runOnlyForDeploymentPostprocessing = 0;
		};
		BBDF50862125780600491DE4 /* Sources */ = {
			isa = PBXSourcesBuildPhase;
			buildActionMask = 2147483647;
			files = (
				BBDF50952125785600491DE4 /* BinaryStream.cpp in Sources */,
				BBDF50962125785600491DE4 /* Box.cpp in Sources */,
				BBDF50972125785600491DE4 /* CDSC.cpp in Sources */,
				BBDF50982125785600491DE4 /* COLR.cpp in Sources */,
				BBDF50992125785600491DE4 /* Container.cpp in Sources */,
				BBDF509A2125785600491DE4 /* ContainerBox.cpp in Sources */,
				BBDF509B2125785600491DE4 /* DIMG.cpp in Sources */,
				BBDF509C2125785600491DE4 /* DisplayableObject.cpp in Sources */,
				BBDF509D2125785600491DE4 /* DisplayableObjectContainer.cpp in Sources */,
				BBDF509E2125785600491DE4 /* DREF.cpp in Sources */,
				BBDF509F2125785600491DE4 /* File.cpp in Sources */,
				BBDF50A02125785600491DE4 /* FRMA.cpp in Sources */,
				BBDF50A12125785600491DE4 /* FTYP.cpp in Sources */,
				BBDF50A22125785600491DE4 /* FullBox.cpp in Sources */,
				BBDF50A32125785600491DE4 /* HDLR.cpp in Sources */,
				BBDF50A42125785600491DE4 /* HVCC-Array-NALUnit.cpp in Sources */,
				BBDF50A52125785600491DE4 /* HVCC-Array.cpp in Sources */,
				BBDF50A62125785600491DE4 /* HVCC.cpp in Sources */,
				BBDF50A72125785600491DE4 /* IINF.cpp in Sources */,
				BBDF50A82125785600491DE4 /* ILOC-Item-Extent.cpp in Sources */,
				BBDF50A92125785600491DE4 /* ILOC-Item.cpp in Sources */,
				BBDF50AA2125785600491DE4 /* ILOC.cpp in Sources */,
				BBDF50AB2125785600491DE4 /* ImageGrid.cpp in Sources */,
				BBDF50AC2125785600491DE4 /* INFE.cpp in Sources */,
				BBDF50AD2125785600491DE4 /* IPCO.cpp in Sources */,
				BBDF50AE2125785600491DE4 /* IPMA-Entry-Association.cpp in Sources */,
				BBDF50AF2125785600491DE4 /* IPMA-Entry.cpp in Sources */,
				BBDF50B02125785600491DE4 /* IPMA.cpp in Sources */,
				BBDF50B12125785600491DE4 /* IREF.cpp in Sources */,
				BBDF50B22125785600491DE4 /* IROT.cpp in Sources */,
				BBDF50B32125785600491DE4 /* ISPE.cpp in Sources */,
				BBDF50B42125785600491DE4 /* Matrix.cpp in Sources */,
				BBDF50B52125785600491DE4 /* META.cpp in Sources */,
				BBDF50B62125785600491DE4 /* MVHD.cpp in Sources */,
				BBDF50B72125785600491DE4 /* Parser.cpp in Sources */,
				BBDF50B82125785600491DE4 /* PITM.cpp in Sources */,
				BBDF50B92125785600491DE4 /* PIXI-Channel.cpp in Sources */,
				BBDF50BA2125785600491DE4 /* PIXI.cpp in Sources */,
				BBDF50BB2125785600491DE4 /* SCHM.cpp in Sources */,
				BBDF50BC2125785600491DE4 /* SingleItemTypeReferenceBox.cpp in Sources */,
				BBDF50BD2125785600491DE4 /* STSD.cpp in Sources */,
				BBDF50BE2125785600491DE4 /* THMB.cpp in Sources */,
				BBDF50BF2125785600491DE4 /* TKHD.cpp in Sources */,
				BBDF50C02125785600491DE4 /* URL.cpp in Sources */,
				BBDF50C12125785600491DE4 /* URN.cpp in Sources */,
				BBDF50C22125785600491DE4 /* Utils.cpp in Sources */,
				BBDF50C32125785700491DE4 /* WIN32.cpp in Sources */,
			);
			runOnlyForDeploymentPostprocessing = 0;
		};
/* End PBXSourcesBuildPhase section */

/* Begin PBXTargetDependency section */
		0544CCCC2277275B004A2499 /* PBXTargetDependency */ = {
			isa = PBXTargetDependency;
			name = XSTest;
			targetProxy = 0544CCCB2277275B004A2499 /* PBXContainerItemProxy */;
		};
		05BFED151F63952E00A6909E /* PBXTargetDependency */ = {
			isa = PBXTargetDependency;
			target = 0515C8AE1F2A71A8003B8594 /* ISOBMFF_macOS */;
			targetProxy = 05BFED161F63952E00A6909E /* PBXContainerItemProxy */;
		};
		05DA96081F2A7D5B005F46DB /* PBXTargetDependency */ = {
			isa = PBXTargetDependency;
			target = 0515C8AE1F2A71A8003B8594 /* ISOBMFF_macOS */;
			targetProxy = 05DA96071F2A7D5B005F46DB /* PBXContainerItemProxy */;
		};
/* End PBXTargetDependency section */

/* Begin XCBuildConfiguration section */
		0515C8B81F2A71A8003B8594 /* Debug */ = {
			isa = XCBuildConfiguration;
			baseConfigurationReference = 057224132011201F00DC0502 /* Debug - ccache.xcconfig */;
			buildSettings = {
				HEADER_SEARCH_PATHS = (
					"$(SRCROOT)/Submodules/PIMPL/PIMPL/include",
					"$(SRCROOT)/ISOBMFF/include",
				);
				MACOSX_DEPLOYMENT_TARGET = 10.10;
			};
			name = Debug;
		};
		0515C8B91F2A71A8003B8594 /* Release */ = {
			isa = XCBuildConfiguration;
			baseConfigurationReference = 057224112011201F00DC0502 /* Release - ccache.xcconfig */;
			buildSettings = {
				HEADER_SEARCH_PATHS = (
					"$(SRCROOT)/Submodules/PIMPL/PIMPL/include",
					"$(SRCROOT)/ISOBMFF/include",
				);
				MACOSX_DEPLOYMENT_TARGET = 10.10;
			};
			name = Release;
		};
		0515C8BB1F2A71A8003B8594 /* Debug */ = {
			isa = XCBuildConfiguration;
			buildSettings = {
				EXECUTABLE_PREFIX = lib;
				PRODUCT_NAME = "$(TARGET_NAME)";
				SKIP_INSTALL = YES;
				STRIP_INSTALLED_PRODUCT = NO;
				STRIP_SWIFT_SYMBOLS = NO;
			};
			name = Debug;
		};
		0515C8BC1F2A71A8003B8594 /* Release */ = {
			isa = XCBuildConfiguration;
			buildSettings = {
				COPY_PHASE_STRIP = NO;
				EXECUTABLE_PREFIX = lib;
				PRODUCT_NAME = "$(TARGET_NAME)";
				SKIP_INSTALL = YES;
				STRIP_INSTALLED_PRODUCT = NO;
				STRIP_SWIFT_SYMBOLS = NO;
			};
			name = Release;
		};
		05BFED201F63952E00A6909E /* Debug */ = {
			isa = XCBuildConfiguration;
			buildSettings = {
				PRODUCT_NAME = "$(TARGET_NAME)";
				STRIP_INSTALLED_PRODUCT = NO;
				STRIP_SWIFT_SYMBOLS = NO;
			};
			name = Debug;
		};
		05BFED211F63952E00A6909E /* Release */ = {
			isa = XCBuildConfiguration;
			buildSettings = {
				COPY_PHASE_STRIP = NO;
				PRODUCT_NAME = "$(TARGET_NAME)";
				STRIP_INSTALLED_PRODUCT = NO;
				STRIP_SWIFT_SYMBOLS = NO;
			};
			name = Release;
		};
		05DA96091F2A7D5B005F46DB /* Debug */ = {
			isa = XCBuildConfiguration;
			buildSettings = {
				INFOPLIST_FILE = "ISOBMFF-Tests/Info.plist";
				LD_RUNPATH_SEARCH_PATHS = "$(inherited) @executable_path/../Frameworks @loader_path/../Frameworks";
				PRODUCT_BUNDLE_IDENTIFIER = "com.DigiDNA.ISOBMFF-Tests";
				PRODUCT_NAME = "$(TARGET_NAME)";
			};
			name = Debug;
		};
		05DA960A1F2A7D5B005F46DB /* Release */ = {
			isa = XCBuildConfiguration;
			buildSettings = {
				INFOPLIST_FILE = "ISOBMFF-Tests/Info.plist";
				LD_RUNPATH_SEARCH_PATHS = "$(inherited) @executable_path/../Frameworks @loader_path/../Frameworks";
				PRODUCT_BUNDLE_IDENTIFIER = "com.DigiDNA.ISOBMFF-Tests";
				PRODUCT_NAME = "$(TARGET_NAME)";
			};
			name = Release;
		};
		BBDF508F2125780900491DE4 /* Debug */ = {
			isa = XCBuildConfiguration;
			buildSettings = {
				ALWAYS_SEARCH_USER_PATHS = NO;
				CLANG_ANALYZER_NONNULL = YES;
				CLANG_ANALYZER_NUMBER_OBJECT_CONVERSION = YES_AGGRESSIVE;
				CLANG_CXX_LANGUAGE_STANDARD = "gnu++14";
				CLANG_CXX_LIBRARY = "libc++";
				CLANG_ENABLE_MODULES = YES;
				CLANG_ENABLE_OBJC_ARC = YES;
				CLANG_ENABLE_OBJC_WEAK = YES;
				CLANG_WARN_BLOCK_CAPTURE_AUTORELEASING = YES;
				CLANG_WARN_BOOL_CONVERSION = YES;
				CLANG_WARN_COMMA = YES;
				CLANG_WARN_CONSTANT_CONVERSION = YES;
				CLANG_WARN_DEPRECATED_OBJC_IMPLEMENTATIONS = YES;
				CLANG_WARN_DIRECT_OBJC_ISA_USAGE = YES_ERROR;
				CLANG_WARN_DOCUMENTATION_COMMENTS = YES;
				CLANG_WARN_EMPTY_BODY = YES;
				CLANG_WARN_ENUM_CONVERSION = YES;
				CLANG_WARN_INFINITE_RECURSION = YES;
				CLANG_WARN_INT_CONVERSION = YES;
				CLANG_WARN_NON_LITERAL_NULL_CONVERSION = YES;
				CLANG_WARN_OBJC_IMPLICIT_RETAIN_SELF = YES;
				CLANG_WARN_OBJC_LITERAL_CONVERSION = YES;
				CLANG_WARN_OBJC_ROOT_CLASS = YES_ERROR;
				CLANG_WARN_RANGE_LOOP_ANALYSIS = YES;
				CLANG_WARN_STRICT_PROTOTYPES = YES;
				CLANG_WARN_SUSPICIOUS_MOVE = YES;
				CLANG_WARN_UNGUARDED_AVAILABILITY = YES_AGGRESSIVE;
				CLANG_WARN_UNREACHABLE_CODE = YES;
				CLANG_WARN__DUPLICATE_METHOD_MATCH = YES;
				CODE_SIGN_IDENTITY = "Mac Developer";
				CODE_SIGN_STYLE = Automatic;
				COMBINE_HIDPI_IMAGES = YES;
				COPY_PHASE_STRIP = NO;
				CURRENT_PROJECT_VERSION = 1;
				DEBUG_INFORMATION_FORMAT = dwarf;
				DEFINES_MODULE = YES;
				DEVELOPMENT_TEAM = XNCE899229;
				DYLIB_COMPATIBILITY_VERSION = 1;
				DYLIB_CURRENT_VERSION = 1;
				DYLIB_INSTALL_NAME_BASE = "@rpath";
				ENABLE_STRICT_OBJC_MSGSEND = YES;
				ENABLE_TESTABILITY = YES;
				FRAMEWORK_VERSION = A;
				GCC_C_LANGUAGE_STANDARD = gnu11;
				GCC_DYNAMIC_NO_PIC = NO;
				GCC_NO_COMMON_BLOCKS = YES;
				GCC_OPTIMIZATION_LEVEL = 0;
				GCC_PREPROCESSOR_DEFINITIONS = (
					"DEBUG=1",
					"$(inherited)",
				);
				GCC_WARN_64_TO_32_BIT_CONVERSION = YES;
				GCC_WARN_ABOUT_RETURN_TYPE = YES_ERROR;
				GCC_WARN_UNDECLARED_SELECTOR = YES;
				GCC_WARN_UNINITIALIZED_AUTOS = YES_AGGRESSIVE;
				GCC_WARN_UNUSED_FUNCTION = YES;
				GCC_WARN_UNUSED_VARIABLE = YES;
				INFOPLIST_FILE = ISOBMFF_macOS/Info.plist;
				INSTALL_PATH = "$(LOCAL_LIBRARY_DIR)/Frameworks";
				LD_RUNPATH_SEARCH_PATHS = "$(inherited) @executable_path/../Frameworks @loader_path/Frameworks";
				MACOSX_DEPLOYMENT_TARGET = 10.13;
				MTL_ENABLE_DEBUG_INFO = INCLUDE_SOURCE;
				MTL_FAST_MATH = YES;
				ONLY_ACTIVE_ARCH = YES;
				PRODUCT_BUNDLE_IDENTIFIER = "com.madv360.ISOBMFF-macOS";
				PRODUCT_NAME = "$(TARGET_NAME:c99extidentifier)";
				SDKROOT = macosx;
				SKIP_INSTALL = YES;
				STRIP_INSTALLED_PRODUCT = NO;
				STRIP_STYLE = all;
				STRIP_SWIFT_SYMBOLS = NO;
				VERSIONING_SYSTEM = "apple-generic";
				VERSION_INFO_PREFIX = "";
			};
			name = Debug;
		};
		BBDF50902125780900491DE4 /* Release */ = {
			isa = XCBuildConfiguration;
			buildSettings = {
				ALWAYS_SEARCH_USER_PATHS = NO;
				CLANG_ANALYZER_NONNULL = YES;
				CLANG_ANALYZER_NUMBER_OBJECT_CONVERSION = YES_AGGRESSIVE;
				CLANG_CXX_LANGUAGE_STANDARD = "gnu++14";
				CLANG_CXX_LIBRARY = "libc++";
				CLANG_ENABLE_MODULES = YES;
				CLANG_ENABLE_OBJC_ARC = YES;
				CLANG_ENABLE_OBJC_WEAK = YES;
				CLANG_WARN_BLOCK_CAPTURE_AUTORELEASING = YES;
				CLANG_WARN_BOOL_CONVERSION = YES;
				CLANG_WARN_COMMA = YES;
				CLANG_WARN_CONSTANT_CONVERSION = YES;
				CLANG_WARN_DEPRECATED_OBJC_IMPLEMENTATIONS = YES;
				CLANG_WARN_DIRECT_OBJC_ISA_USAGE = YES_ERROR;
				CLANG_WARN_DOCUMENTATION_COMMENTS = YES;
				CLANG_WARN_EMPTY_BODY = YES;
				CLANG_WARN_ENUM_CONVERSION = YES;
				CLANG_WARN_INFINITE_RECURSION = YES;
				CLANG_WARN_INT_CONVERSION = YES;
				CLANG_WARN_NON_LITERAL_NULL_CONVERSION = YES;
				CLANG_WARN_OBJC_IMPLICIT_RETAIN_SELF = YES;
				CLANG_WARN_OBJC_LITERAL_CONVERSION = YES;
				CLANG_WARN_OBJC_ROOT_CLASS = YES_ERROR;
				CLANG_WARN_RANGE_LOOP_ANALYSIS = YES;
				CLANG_WARN_STRICT_PROTOTYPES = YES;
				CLANG_WARN_SUSPICIOUS_MOVE = YES;
				CLANG_WARN_UNGUARDED_AVAILABILITY = YES_AGGRESSIVE;
				CLANG_WARN_UNREACHABLE_CODE = YES;
				CLANG_WARN__DUPLICATE_METHOD_MATCH = YES;
				CODE_SIGN_IDENTITY = "Mac Developer";
				CODE_SIGN_STYLE = Automatic;
				COMBINE_HIDPI_IMAGES = YES;
				COPY_PHASE_STRIP = NO;
				CURRENT_PROJECT_VERSION = 1;
				DEBUG_INFORMATION_FORMAT = "dwarf-with-dsym";
				DEFINES_MODULE = YES;
				DEVELOPMENT_TEAM = XNCE899229;
				DYLIB_COMPATIBILITY_VERSION = 1;
				DYLIB_CURRENT_VERSION = 1;
				DYLIB_INSTALL_NAME_BASE = "@rpath";
				ENABLE_NS_ASSERTIONS = NO;
				ENABLE_STRICT_OBJC_MSGSEND = YES;
				FRAMEWORK_VERSION = A;
				GCC_C_LANGUAGE_STANDARD = gnu11;
				GCC_NO_COMMON_BLOCKS = YES;
				GCC_WARN_64_TO_32_BIT_CONVERSION = YES;
				GCC_WARN_ABOUT_RETURN_TYPE = YES_ERROR;
				GCC_WARN_UNDECLARED_SELECTOR = YES;
				GCC_WARN_UNINITIALIZED_AUTOS = YES_AGGRESSIVE;
				GCC_WARN_UNUSED_FUNCTION = YES;
				GCC_WARN_UNUSED_VARIABLE = YES;
				INFOPLIST_FILE = ISOBMFF_macOS/Info.plist;
				INSTALL_PATH = "$(LOCAL_LIBRARY_DIR)/Frameworks";
				LD_RUNPATH_SEARCH_PATHS = "$(inherited) @executable_path/../Frameworks @loader_path/Frameworks";
				MACOSX_DEPLOYMENT_TARGET = 10.13;
				MTL_ENABLE_DEBUG_INFO = NO;
				MTL_FAST_MATH = YES;
				PRODUCT_BUNDLE_IDENTIFIER = "com.madv360.ISOBMFF-macOS";
				PRODUCT_NAME = "$(TARGET_NAME:c99extidentifier)";
				SDKROOT = macosx;
				SKIP_INSTALL = YES;
				STRIP_INSTALLED_PRODUCT = NO;
				STRIP_STYLE = all;
				STRIP_SWIFT_SYMBOLS = NO;
				VERSIONING_SYSTEM = "apple-generic";
				VERSION_INFO_PREFIX = "";
			};
			name = Release;
		};
/* End XCBuildConfiguration section */

/* Begin XCConfigurationList section */
		0515C8AA1F2A71A8003B8594 /* Build configuration list for PBXProject "ISOBMFF" */ = {
			isa = XCConfigurationList;
			buildConfigurations = (
				0515C8B81F2A71A8003B8594 /* Debug */,
				0515C8B91F2A71A8003B8594 /* Release */,
			);
			defaultConfigurationIsVisible = 0;
			defaultConfigurationName = Release;
		};
		0515C8BA1F2A71A8003B8594 /* Build configuration list for PBXNativeTarget "ISOBMFF_macOS" */ = {
			isa = XCConfigurationList;
			buildConfigurations = (
				0515C8BB1F2A71A8003B8594 /* Debug */,
				0515C8BC1F2A71A8003B8594 /* Release */,
			);
			defaultConfigurationIsVisible = 0;
			defaultConfigurationName = Release;
		};
		05BFED1F1F63952E00A6909E /* Build configuration list for PBXNativeTarget "ISOBMFF-Dump" */ = {
			isa = XCConfigurationList;
			buildConfigurations = (
				05BFED201F63952E00A6909E /* Debug */,
				05BFED211F63952E00A6909E /* Release */,
			);
			defaultConfigurationIsVisible = 0;
			defaultConfigurationName = Release;
		};
		05DA960F1F2A7D5B005F46DB /* Build configuration list for PBXNativeTarget "ISOBMFF-Tests" */ = {
			isa = XCConfigurationList;
			buildConfigurations = (
				05DA96091F2A7D5B005F46DB /* Debug */,
				05DA960A1F2A7D5B005F46DB /* Release */,
			);
			defaultConfigurationIsVisible = 0;
			defaultConfigurationName = Release;
		};
		BBDF50942125780900491DE4 /* Build configuration list for PBXNativeTarget "ISOBMFF" */ = {
			isa = XCConfigurationList;
			buildConfigurations = (
				BBDF508F2125780900491DE4 /* Debug */,
				BBDF50902125780900491DE4 /* Release */,
			);
			defaultConfigurationIsVisible = 0;
			defaultConfigurationName = Release;
		};
/* End XCConfigurationList section */
	};
	rootObject = 0515C8A71F2A71A8003B8594 /* Project object */;
}
